
Microsoft Visual Studio Solution File, Format Version 11.00
# Visual Studio 2010
Project("{FAE04EC0-301F-11D3-BF4B-00C04F79EFBC}") = "SureShot - Phone", "SureShot - Phone.csproj", "{4D06C9D8-33C0-4DF4-82E3-7CD29FE7BC89}"
EndProject
Project("{FAE04EC0-301F-11D3-BF4B-00C04F79EFBC}") = "SureShot - PhoneContent", "Content\SureShot - PhoneContent.contentproj", "{5D6CF3FC-3284-40C3-A428-2B5A03BCB208}"
EndProject
Global
	GlobalSection(SolutionConfigurationPlatforms) = preSolution
		Debug|Windows Phone = Debug|Windows Phone
		Release|Windows Phone = Release|Windows Phone
	EndGlobalSection
	GlobalSection(ProjectConfigurationPlatforms) = postSolution
		{4D06C9D8-33C0-4DF4-82E3-7CD29FE7BC89}.Debug|Windows Phone.ActiveCfg = Debug|Windows Phone
		{4D06C9D8-33C0-4DF4-82E3-7CD29FE7BC89}.Debug|Windows Phone.Build.0 = Debug|Windows Phone
		{4D06C9D8-33C0-4DF4-82E3-7CD29FE7BC89}.Release|Windows Phone.ActiveCfg = Release|Windows Phone
		{4D06C9D8-33C0-4DF4-82E3-7CD29FE7BC89}.Release|Windows Phone.Build.0 = Release|Windows Phone
		{5D6CF3FC-3284-40C3-A428-2B5A03BCB208}.Debug|Windows Phone.ActiveCfg = Debug|Windows Phone
		{5D6CF3FC-3284-40C3-A428-2B5A03BCB208}.Release|Windows Phone.ActiveCfg = Release|Windows Phone
	EndGlobalSection
	GlobalSection(SolutionProperties) = preSolution
		HideSolutionNode = FALSE
	EndGlobalSection
EndGlobal
