Microsoft Visual Studio Solution File, Format Version 11.00
# Visual Studio 2010
Project("{FAE04EC0-301F-11D3-BF4B-00C04F79EFBC}") = "Tutorial1 - Getting Started - Windows", "Tutorial1 - Getting Started\Tutorial1 - Getting Started - Windows.csproj", "{AF606C92-7617-480D-8AE5-5EB1466B570E}"
EndProject
Project("{FAE04EC0-301F-11D3-BF4B-00C04F79EFBC}") = "Tutorial2 - Simple Animation - Windows", "Tutorial2 - Simple Animation\Tutorial2 - Simple Animation - Windows.csproj", "{FFB53C99-7644-4B40-AE90-C74E34284E52}"
EndProject
Project("{FAE04EC0-301F-11D3-BF4B-00C04F79EFBC}") = "Tutorial3 - Simple 2D GUI - Windows", "Tutorial3 - Simple 2D GUI\Tutorial3 - Simple 2D GUI - Windows.csproj", "{DDB52267-5D28-4B73-A139-7E185CEB5123}"
EndProject
Project("{FAE04EC0-301F-11D3-BF4B-00C04F79EFBC}") = "Tutorial4 - 3D Object Selection - Windows", "Tutorial4 - 3D Object Selection\Tutorial4 - 3D Object Selection - Windows.csproj", "{671ABEB2-7AB5-4492-AC7C-064F1D3EEB0C}"
EndProject
Project("{FAE04EC0-301F-11D3-BF4B-00C04F79EFBC}") = "Tutorial5 - Simple Physics - Windows", "Tutorial5 - Simple Physics\Tutorial5 - Simple Physics - Windows.csproj", "{BCB724C0-6006-44B6-AFEC-394C48188E1D}"
EndProject
Project("{FAE04EC0-301F-11D3-BF4B-00C04F79EFBC}") = "Tutorial6 - Simple Particle Systems - Windows", "Tutorial6 - Simple Particle Systems\Tutorial6 - Simple Particle Systems - Windows.csproj", "{9DB630BB-210F-4FD5-A46C-63E3047A9DEC}"
EndProject
Project("{FAE04EC0-301F-11D3-BF4B-00C04F79EFBC}") = "Tutorial7 - Custom Shape - Windows", "Tutorial7 - Custom Shape\Tutorial7 - Custom Shape - Windows.csproj", "{328D8D16-9378-4068-AB8A-065506758805}"
EndProject
Project("{FAE04EC0-301F-11D3-BF4B-00C04F79EFBC}") = "Tutorial8 - Optical Marker Tracking - Windows", "Tutorial8 - Optical Marker Tracking\Tutorial8 - Optical Marker Tracking - Windows.csproj", "{E1805CB8-0610-4687-8998-9A075ABF65DB}"
EndProject
Project("{FAE04EC0-301F-11D3-BF4B-00C04F79EFBC}") = "Tutorial9 - Advanced Features - Windows", "Tutorial9 - Advanced Features\Tutorial9 - Advanced Features - Windows.csproj", "{DADFB059-7150-4AAB-A23C-8D19729CC98E}"
EndProject
Project("{FAE04EC0-301F-11D3-BF4B-00C04F79EFBC}") = "Tutorial10 - Networking - Windows", "Tutorial10 - Networking\Tutorial10 - Networking - Windows.csproj", "{336516B8-94B4-4BB9-9979-87EB1E63312D}"
EndProject
Project("{FAE04EC0-301F-11D3-BF4B-00C04F79EFBC}") = "Tutorial12 - Advanced Physics - Windows", "Tutorial12 - Advanced Physics\Tutorial12 - Advanced Physics - Windows.csproj", "{E1FF416B-D490-4B86-836A-0E65729523DA}"
EndProject
Project("{FAE04EC0-301F-11D3-BF4B-00C04F79EFBC}") = "Tutorial13 - iWear VR920 - Windows", "Tutorial13 - iWear VR920\Tutorial13 - iWear VR920 - Windows.csproj", "{E2F89246-5028-411B-9653-42D65C99160F}"
EndProject
Project("{FAE04EC0-301F-11D3-BF4B-00C04F79EFBC}") = "Tutorial14 - Skinned Model Animation - Windows", "Tutorial14 - Skinned Model Animation\Tutorial14 - Skinned Model Animation - Windows.csproj", "{C272C0B1-937F-4E02-894D-E2A20DD1B8C3}"
EndProject
Project("{FAE04EC0-301F-11D3-BF4B-00C04F79EFBC}") = "SkinnedModelPipeline", "SkinnedModelPipeline\SkinnedModelPipeline.csproj", "{76C270E2-CC04-48C4-A710-9DBD46163704}"
EndProject
Project("{FAE04EC0-301F-11D3-BF4B-00C04F79EFBC}") = "Tutorial1 - Getting StartedContent", "Tutorial1 - Getting Started\Content\Tutorial1 - Getting StartedContent.contentproj", "{FF03E337-ECCB-4970-B5F0-F93A93511DA4}"
EndProject
Project("{FAE04EC0-301F-11D3-BF4B-00C04F79EFBC}") = "Tutorial2 - Simple AnimationContent", "Tutorial2 - Simple Animation\Content\Tutorial2 - Simple AnimationContent.contentproj", "{AA95DBDE-53CD-4782-BF98-DC37374610B2}"
EndProject
Project("{FAE04EC0-301F-11D3-BF4B-00C04F79EFBC}") = "Tutorial3 - Simple 2D GUIContent", "Tutorial3 - Simple 2D GUI\Content\Tutorial3 - Simple 2D GUIContent.contentproj", "{3D7F8E82-5EE1-40B6-945F-37A28C60D138}"
EndProject
Project("{FAE04EC0-301F-11D3-BF4B-00C04F79EFBC}") = "Tutorial4 - 3D Object SelectionContent", "Tutorial4 - 3D Object Selection\Content\Tutorial4 - 3D Object SelectionContent.contentproj", "{361954B6-5B6E-4C31-8FE1-E218130C142C}"
EndProject
Project("{FAE04EC0-301F-11D3-BF4B-00C04F79EFBC}") = "Tutorial5 - Simple PhysicsContent", "Tutorial5 - Simple Physics\Content\Tutorial5 - Simple PhysicsContent.contentproj", "{651265D6-8DC7-4109-8B5D-CAF10281845C}"
EndProject
Project("{FAE04EC0-301F-11D3-BF4B-00C04F79EFBC}") = "Tutorial6 - Simple Particle SystemsContent", "Tutorial6 - Simple Particle Systems\Content\Tutorial6 - Simple Particle SystemsContent.contentproj", "{2D328FD7-787C-4225-AE0B-2D896D719D71}"
EndProject
Project("{FAE04EC0-301F-11D3-BF4B-00C04F79EFBC}") = "Tutorial7 - Custom ShapeContent", "Tutorial7 - Custom Shape\Content\Tutorial7 - Custom ShapeContent.contentproj", "{860F4A5B-C8F8-422F-AF45-1C81D6A82EC0}"
EndProject
Project("{FAE04EC0-301F-11D3-BF4B-00C04F79EFBC}") = "Tutorial8 - Optical Marker TrackingContent", "Tutorial8 - Optical Marker Tracking\Content\Tutorial8 - Optical Marker TrackingContent.contentproj", "{642C39F6-F903-4916-8525-BB3A2A10122E}"
EndProject
Project("{FAE04EC0-301F-11D3-BF4B-00C04F79EFBC}") = "Tutorial9 - Advanced FeaturesContent", "Tutorial9 - Advanced Features\Content\Tutorial9 - Advanced FeaturesContent.contentproj", "{16FD8F67-47E1-4AA8-8631-003EF39870D7}"
EndProject
Project("{FAE04EC0-301F-11D3-BF4B-00C04F79EFBC}") = "Tutorial10 - NetworkingContent", "Tutorial10 - Networking\Content\Tutorial10 - NetworkingContent.contentproj", "{2E5ACD3B-92B8-4235-89EC-C43AFA181E18}"
EndProject
Project("{FAE04EC0-301F-11D3-BF4B-00C04F79EFBC}") = "Tutorial12 - Advanced PhysicsContent", "Tutorial12 - Advanced Physics\Content\Tutorial12 - Advanced PhysicsContent.contentproj", "{91217B4C-9D58-42E0-BC06-6C04AC635AFB}"
EndProject
Project("{FAE04EC0-301F-11D3-BF4B-00C04F79EFBC}") = "Tutorial13 - iWear VR920Content", "Tutorial13 - iWear VR920\Content\Tutorial13 - iWear VR920Content.contentproj", "{831EB70E-3814-45F0-96DF-96D57DF92D7F}"
EndProject
Project("{FAE04EC0-301F-11D3-BF4B-00C04F79EFBC}") = "Tutorial14 - Skinned Model AnimationContent", "Tutorial14 - Skinned Model Animation\Content\Tutorial14 - Skinned Model AnimationContent.contentproj", "{55A7D171-722C-47AE-98E5-3C985439F279}"
EndProject
Project("{FAE04EC0-301F-11D3-BF4B-00C04F79EFBC}") = "SkinnedModelWindows", "SkinnedModelWindows\SkinnedModelWindows.csproj", "{21C1E702-38A6-41D8-9C08-3FF26A813B57}"
EndProject
Project("{FAE04EC0-301F-11D3-BF4B-00C04F79EFBC}") = "Tutorial15 - OpenCV", "Tutorial15 - OpenCV\Tutorial15 - OpenCV.csproj", "{49405F30-2800-4ACF-8C02-424B77865609}"
EndProject
Project("{FAE04EC0-301F-11D3-BF4B-00C04F79EFBC}") = "Tutorial15 - OpenCVContent", "Tutorial15 - OpenCV\Content\Tutorial15 - OpenCVContent.contentproj", "{D986758A-EB9B-43FD-86B1-BB7C508D120A}"
EndProject
Project("{FAE04EC0-301F-11D3-BF4B-00C04F79EFBC}") = "Tutorial11 - Shader", "Tutorial11 - Shader\Tutorial11 - Shader.csproj", "{C11CFBA4-2AB4-4AAA-9D7F-766D21DFBB9E}"
EndProject
Project("{FAE04EC0-301F-11D3-BF4B-00C04F79EFBC}") = "Tutorial11 - ShaderContent", "Tutorial11 - Shader\Content\Tutorial11 - ShaderContent.contentproj", "{479565D1-C424-495C-A3F7-2CE16C776259}"
EndProject
Project("{FAE04EC0-301F-11D3-BF4B-00C04F79EFBC}") = "Tutorial16 - Multiple Viewport", "Tutorial16 - Multiple Viewport\Tutorial16 - Multiple Viewport.csproj", "{4556F7C1-3C88-4483-A6EF-5239F58C06F9}"
EndProject
Project("{FAE04EC0-301F-11D3-BF4B-00C04F79EFBC}") = "Tutorial16 - Multiple ViewportContent", "Tutorial16 - Multiple Viewport\Content\Tutorial16 - Multiple ViewportContent.contentproj", "{C34E95D6-6D5D-44B9-8E55-7AF973BC5750}"
EndProject
Project("{FAE04EC0-301F-11D3-BF4B-00C04F79EFBC}") = "Tutorial17 - Interpolation", "Tutorial17 - Interpolation\Tutorial17 - Interpolation.csproj", "{B08DFE8C-CDDB-405B-B928-81D50A736C17}"
EndProject
Project("{FAE04EC0-301F-11D3-BF4B-00C04F79EFBC}") = "Tutorial17 - InterpolationContent", "Tutorial17 - Interpolation\Content\Tutorial17 - InterpolationContent.contentproj", "{918DA2B2-E2DE-4BCB-8F06-A87E725F0CC2}"
EndProject
Global
	GlobalSection(SolutionConfigurationPlatforms) = preSolution
		Debug|Any CPU = Debug|Any CPU
		Debug|Mixed Platforms = Debug|Mixed Platforms
		Debug|x86 = Debug|x86
		Debug|Xbox 360 = Debug|Xbox 360
		Debug|Zune = Debug|Zune
		Release|Any CPU = Release|Any CPU
		Release|Mixed Platforms = Release|Mixed Platforms
		Release|x86 = Release|x86
		Release|Xbox 360 = Release|Xbox 360
		Release|Zune = Release|Zune
	EndGlobalSection
	GlobalSection(ProjectConfigurationPlatforms) = postSolution
		{AF606C92-7617-480D-8AE5-5EB1466B570E}.Debug|Any CPU.ActiveCfg = Debug|x86
		{AF606C92-7617-480D-8AE5-5EB1466B570E}.Debug|Mixed Platforms.ActiveCfg = Debug|x86
		{AF606C92-7617-480D-8AE5-5EB1466B570E}.Debug|Mixed Platforms.Build.0 = Debug|x86
		{AF606C92-7617-480D-8AE5-5EB1466B570E}.Debug|x86.ActiveCfg = Debug|x86
		{AF606C92-7617-480D-8AE5-5EB1466B570E}.Debug|x86.Build.0 = Debug|x86
		{AF606C92-7617-480D-8AE5-5EB1466B570E}.Debug|Xbox 360.ActiveCfg = Debug|x86
		{AF606C92-7617-480D-8AE5-5EB1466B570E}.Debug|Zune.ActiveCfg = Debug|x86
		{AF606C92-7617-480D-8AE5-5EB1466B570E}.Release|Any CPU.ActiveCfg = Release|x86
		{AF606C92-7617-480D-8AE5-5EB1466B570E}.Release|Mixed Platforms.ActiveCfg = Release|x86
		{AF606C92-7617-480D-8AE5-5EB1466B570E}.Release|Mixed Platforms.Build.0 = Release|x86
		{AF606C92-7617-480D-8AE5-5EB1466B570E}.Release|x86.ActiveCfg = Release|x86
		{AF606C92-7617-480D-8AE5-5EB1466B570E}.Release|x86.Build.0 = Release|x86
		{AF606C92-7617-480D-8AE5-5EB1466B570E}.Release|Xbox 360.ActiveCfg = Release|x86
		{AF606C92-7617-480D-8AE5-5EB1466B570E}.Release|Zune.ActiveCfg = Release|x86
		{FFB53C99-7644-4B40-AE90-C74E34284E52}.Debug|Any CPU.ActiveCfg = Debug|x86
		{FFB53C99-7644-4B40-AE90-C74E34284E52}.Debug|Mixed Platforms.ActiveCfg = Debug|x86
		{FFB53C99-7644-4B40-AE90-C74E34284E52}.Debug|Mixed Platforms.Build.0 = Debug|x86
		{FFB53C99-7644-4B40-AE90-C74E34284E52}.Debug|x86.ActiveCfg = Debug|x86
		{FFB53C99-7644-4B40-AE90-C74E34284E52}.Debug|x86.Build.0 = Debug|x86
		{FFB53C99-7644-4B40-AE90-C74E34284E52}.Debug|Xbox 360.ActiveCfg = Debug|x86
		{FFB53C99-7644-4B40-AE90-C74E34284E52}.Debug|Zune.ActiveCfg = Debug|x86
		{FFB53C99-7644-4B40-AE90-C74E34284E52}.Release|Any CPU.ActiveCfg = Release|x86
		{FFB53C99-7644-4B40-AE90-C74E34284E52}.Release|Mixed Platforms.ActiveCfg = Release|x86
		{FFB53C99-7644-4B40-AE90-C74E34284E52}.Release|Mixed Platforms.Build.0 = Release|x86
		{FFB53C99-7644-4B40-AE90-C74E34284E52}.Release|x86.ActiveCfg = Release|x86
		{FFB53C99-7644-4B40-AE90-C74E34284E52}.Release|x86.Build.0 = Release|x86
		{FFB53C99-7644-4B40-AE90-C74E34284E52}.Release|Xbox 360.ActiveCfg = Release|x86
		{FFB53C99-7644-4B40-AE90-C74E34284E52}.Release|Zune.ActiveCfg = Release|x86
		{DDB52267-5D28-4B73-A139-7E185CEB5123}.Debug|Any CPU.ActiveCfg = Debug|x86
		{DDB52267-5D28-4B73-A139-7E185CEB5123}.Debug|Mixed Platforms.ActiveCfg = Debug|x86
		{DDB52267-5D28-4B73-A139-7E185CEB5123}.Debug|Mixed Platforms.Build.0 = Debug|x86
		{DDB52267-5D28-4B73-A139-7E185CEB5123}.Debug|x86.ActiveCfg = Debug|x86
		{DDB52267-5D28-4B73-A139-7E185CEB5123}.Debug|x86.Build.0 = Debug|x86
		{DDB52267-5D28-4B73-A139-7E185CEB5123}.Debug|Xbox 360.ActiveCfg = Debug|x86
		{DDB52267-5D28-4B73-A139-7E185CEB5123}.Debug|Zune.ActiveCfg = Debug|x86
		{DDB52267-5D28-4B73-A139-7E185CEB5123}.Release|Any CPU.ActiveCfg = Release|x86
		{DDB52267-5D28-4B73-A139-7E185CEB5123}.Release|Mixed Platforms.ActiveCfg = Release|x86
		{DDB52267-5D28-4B73-A139-7E185CEB5123}.Release|Mixed Platforms.Build.0 = Release|x86
		{DDB52267-5D28-4B73-A139-7E185CEB5123}.Release|x86.ActiveCfg = Release|x86
		{DDB52267-5D28-4B73-A139-7E185CEB5123}.Release|x86.Build.0 = Release|x86
		{DDB52267-5D28-4B73-A139-7E185CEB5123}.Release|Xbox 360.ActiveCfg = Release|x86
		{DDB52267-5D28-4B73-A139-7E185CEB5123}.Release|Zune.ActiveCfg = Release|x86
		{671ABEB2-7AB5-4492-AC7C-064F1D3EEB0C}.Debug|Any CPU.ActiveCfg = Debug|x86
		{671ABEB2-7AB5-4492-AC7C-064F1D3EEB0C}.Debug|Mixed Platforms.ActiveCfg = Debug|x86
		{671ABEB2-7AB5-4492-AC7C-064F1D3EEB0C}.Debug|Mixed Platforms.Build.0 = Debug|x86
		{671ABEB2-7AB5-4492-AC7C-064F1D3EEB0C}.Debug|x86.ActiveCfg = Debug|x86
		{671ABEB2-7AB5-4492-AC7C-064F1D3EEB0C}.Debug|x86.Build.0 = Debug|x86
		{671ABEB2-7AB5-4492-AC7C-064F1D3EEB0C}.Debug|Xbox 360.ActiveCfg = Debug|x86
		{671ABEB2-7AB5-4492-AC7C-064F1D3EEB0C}.Debug|Zune.ActiveCfg = Debug|x86
		{671ABEB2-7AB5-4492-AC7C-064F1D3EEB0C}.Release|Any CPU.ActiveCfg = Release|x86
		{671ABEB2-7AB5-4492-AC7C-064F1D3EEB0C}.Release|Mixed Platforms.ActiveCfg = Release|x86
		{671ABEB2-7AB5-4492-AC7C-064F1D3EEB0C}.Release|Mixed Platforms.Build.0 = Release|x86
		{671ABEB2-7AB5-4492-AC7C-064F1D3EEB0C}.Release|x86.ActiveCfg = Release|x86
		{671ABEB2-7AB5-4492-AC7C-064F1D3EEB0C}.Release|x86.Build.0 = Release|x86
		{671ABEB2-7AB5-4492-AC7C-064F1D3EEB0C}.Release|Xbox 360.ActiveCfg = Release|x86
		{671ABEB2-7AB5-4492-AC7C-064F1D3EEB0C}.Release|Zune.ActiveCfg = Release|x86
		{BCB724C0-6006-44B6-AFEC-394C48188E1D}.Debug|Any CPU.ActiveCfg = Debug|x86
		{BCB724C0-6006-44B6-AFEC-394C48188E1D}.Debug|Mixed Platforms.ActiveCfg = Debug|x86
		{BCB724C0-6006-44B6-AFEC-394C48188E1D}.Debug|Mixed Platforms.Build.0 = Debug|x86
		{BCB724C0-6006-44B6-AFEC-394C48188E1D}.Debug|x86.ActiveCfg = Debug|x86
		{BCB724C0-6006-44B6-AFEC-394C48188E1D}.Debug|x86.Build.0 = Debug|x86
		{BCB724C0-6006-44B6-AFEC-394C48188E1D}.Debug|Xbox 360.ActiveCfg = Debug|x86
		{BCB724C0-6006-44B6-AFEC-394C48188E1D}.Debug|Zune.ActiveCfg = Debug|x86
		{BCB724C0-6006-44B6-AFEC-394C48188E1D}.Release|Any CPU.ActiveCfg = Release|x86
		{BCB724C0-6006-44B6-AFEC-394C48188E1D}.Release|Mixed Platforms.ActiveCfg = Release|x86
		{BCB724C0-6006-44B6-AFEC-394C48188E1D}.Release|Mixed Platforms.Build.0 = Release|x86
		{BCB724C0-6006-44B6-AFEC-394C48188E1D}.Release|x86.ActiveCfg = Release|x86
		{BCB724C0-6006-44B6-AFEC-394C48188E1D}.Release|x86.Build.0 = Release|x86
		{BCB724C0-6006-44B6-AFEC-394C48188E1D}.Release|Xbox 360.ActiveCfg = Release|x86
		{BCB724C0-6006-44B6-AFEC-394C48188E1D}.Release|Zune.ActiveCfg = Release|x86
		{9DB630BB-210F-4FD5-A46C-63E3047A9DEC}.Debug|Any CPU.ActiveCfg = Debug|x86
		{9DB630BB-210F-4FD5-A46C-63E3047A9DEC}.Debug|Mixed Platforms.ActiveCfg = Debug|x86
		{9DB630BB-210F-4FD5-A46C-63E3047A9DEC}.Debug|Mixed Platforms.Build.0 = Debug|x86
		{9DB630BB-210F-4FD5-A46C-63E3047A9DEC}.Debug|x86.ActiveCfg = Debug|x86
		{9DB630BB-210F-4FD5-A46C-63E3047A9DEC}.Debug|x86.Build.0 = Debug|x86
		{9DB630BB-210F-4FD5-A46C-63E3047A9DEC}.Debug|Xbox 360.ActiveCfg = Debug|x86
		{9DB630BB-210F-4FD5-A46C-63E3047A9DEC}.Debug|Zune.ActiveCfg = Debug|x86
		{9DB630BB-210F-4FD5-A46C-63E3047A9DEC}.Release|Any CPU.ActiveCfg = Release|x86
		{9DB630BB-210F-4FD5-A46C-63E3047A9DEC}.Release|Mixed Platforms.ActiveCfg = Release|x86
		{9DB630BB-210F-4FD5-A46C-63E3047A9DEC}.Release|Mixed Platforms.Build.0 = Release|x86
		{9DB630BB-210F-4FD5-A46C-63E3047A9DEC}.Release|x86.ActiveCfg = Release|x86
		{9DB630BB-210F-4FD5-A46C-63E3047A9DEC}.Release|x86.Build.0 = Release|x86
		{9DB630BB-210F-4FD5-A46C-63E3047A9DEC}.Release|Xbox 360.ActiveCfg = Release|x86
		{9DB630BB-210F-4FD5-A46C-63E3047A9DEC}.Release|Zune.ActiveCfg = Release|x86
		{328D8D16-9378-4068-AB8A-065506758805}.Debug|Any CPU.ActiveCfg = Debug|x86
		{328D8D16-9378-4068-AB8A-065506758805}.Debug|Mixed Platforms.ActiveCfg = Debug|x86
		{328D8D16-9378-4068-AB8A-065506758805}.Debug|Mixed Platforms.Build.0 = Debug|x86
		{328D8D16-9378-4068-AB8A-065506758805}.Debug|x86.ActiveCfg = Debug|x86
		{328D8D16-9378-4068-AB8A-065506758805}.Debug|x86.Build.0 = Debug|x86
		{328D8D16-9378-4068-AB8A-065506758805}.Debug|Xbox 360.ActiveCfg = Debug|x86
		{328D8D16-9378-4068-AB8A-065506758805}.Debug|Zune.ActiveCfg = Debug|x86
		{328D8D16-9378-4068-AB8A-065506758805}.Release|Any CPU.ActiveCfg = Release|x86
		{328D8D16-9378-4068-AB8A-065506758805}.Release|Mixed Platforms.ActiveCfg = Release|x86
		{328D8D16-9378-4068-AB8A-065506758805}.Release|Mixed Platforms.Build.0 = Release|x86
		{328D8D16-9378-4068-AB8A-065506758805}.Release|x86.ActiveCfg = Release|x86
		{328D8D16-9378-4068-AB8A-065506758805}.Release|x86.Build.0 = Release|x86
		{328D8D16-9378-4068-AB8A-065506758805}.Release|Xbox 360.ActiveCfg = Release|x86
		{328D8D16-9378-4068-AB8A-065506758805}.Release|Zune.ActiveCfg = Release|x86
		{E1805CB8-0610-4687-8998-9A075ABF65DB}.Debug|Any CPU.ActiveCfg = Debug|x86
		{E1805CB8-0610-4687-8998-9A075ABF65DB}.Debug|Mixed Platforms.ActiveCfg = Debug|x86
		{E1805CB8-0610-4687-8998-9A075ABF65DB}.Debug|Mixed Platforms.Build.0 = Debug|x86
		{E1805CB8-0610-4687-8998-9A075ABF65DB}.Debug|x86.ActiveCfg = Debug|x86
		{E1805CB8-0610-4687-8998-9A075ABF65DB}.Debug|x86.Build.0 = Debug|x86
		{E1805CB8-0610-4687-8998-9A075ABF65DB}.Debug|Xbox 360.ActiveCfg = Debug|x86
		{E1805CB8-0610-4687-8998-9A075ABF65DB}.Debug|Zune.ActiveCfg = Debug|x86
		{E1805CB8-0610-4687-8998-9A075ABF65DB}.Release|Any CPU.ActiveCfg = Release|x86
		{E1805CB8-0610-4687-8998-9A075ABF65DB}.Release|Mixed Platforms.ActiveCfg = Release|x86
		{E1805CB8-0610-4687-8998-9A075ABF65DB}.Release|Mixed Platforms.Build.0 = Release|x86
		{E1805CB8-0610-4687-8998-9A075ABF65DB}.Release|x86.ActiveCfg = Release|x86
		{E1805CB8-0610-4687-8998-9A075ABF65DB}.Release|x86.Build.0 = Release|x86
		{E1805CB8-0610-4687-8998-9A075ABF65DB}.Release|Xbox 360.ActiveCfg = Release|x86
		{E1805CB8-0610-4687-8998-9A075ABF65DB}.Release|Zune.ActiveCfg = Release|x86
		{DADFB059-7150-4AAB-A23C-8D19729CC98E}.Debug|Any CPU.ActiveCfg = Debug|x86
		{DADFB059-7150-4AAB-A23C-8D19729CC98E}.Debug|Mixed Platforms.ActiveCfg = Debug|x86
		{DADFB059-7150-4AAB-A23C-8D19729CC98E}.Debug|Mixed Platforms.Build.0 = Debug|x86
		{DADFB059-7150-4AAB-A23C-8D19729CC98E}.Debug|x86.ActiveCfg = Debug|x86
		{DADFB059-7150-4AAB-A23C-8D19729CC98E}.Debug|x86.Build.0 = Debug|x86
		{DADFB059-7150-4AAB-A23C-8D19729CC98E}.Debug|Xbox 360.ActiveCfg = Debug|x86
		{DADFB059-7150-4AAB-A23C-8D19729CC98E}.Debug|Zune.ActiveCfg = Debug|x86
		{DADFB059-7150-4AAB-A23C-8D19729CC98E}.Release|Any CPU.ActiveCfg = Release|x86
		{DADFB059-7150-4AAB-A23C-8D19729CC98E}.Release|Mixed Platforms.ActiveCfg = Release|x86
		{DADFB059-7150-4AAB-A23C-8D19729CC98E}.Release|Mixed Platforms.Build.0 = Release|x86
		{DADFB059-7150-4AAB-A23C-8D19729CC98E}.Release|x86.ActiveCfg = Release|x86
		{DADFB059-7150-4AAB-A23C-8D19729CC98E}.Release|x86.Build.0 = Release|x86
		{DADFB059-7150-4AAB-A23C-8D19729CC98E}.Release|Xbox 360.ActiveCfg = Release|x86
		{DADFB059-7150-4AAB-A23C-8D19729CC98E}.Release|Zune.ActiveCfg = Release|x86
		{336516B8-94B4-4BB9-9979-87EB1E63312D}.Debug|Any CPU.ActiveCfg = Debug|x86
		{336516B8-94B4-4BB9-9979-87EB1E63312D}.Debug|Mixed Platforms.ActiveCfg = Debug|x86
		{336516B8-94B4-4BB9-9979-87EB1E63312D}.Debug|Mixed Platforms.Build.0 = Debug|x86
		{336516B8-94B4-4BB9-9979-87EB1E63312D}.Debug|x86.ActiveCfg = Debug|x86
		{336516B8-94B4-4BB9-9979-87EB1E63312D}.Debug|x86.Build.0 = Debug|x86
		{336516B8-94B4-4BB9-9979-87EB1E63312D}.Debug|Xbox 360.ActiveCfg = Debug|x86
		{336516B8-94B4-4BB9-9979-87EB1E63312D}.Debug|Zune.ActiveCfg = Debug|x86
		{336516B8-94B4-4BB9-9979-87EB1E63312D}.Release|Any CPU.ActiveCfg = Release|x86
		{336516B8-94B4-4BB9-9979-87EB1E63312D}.Release|Mixed Platforms.ActiveCfg = Release|x86
		{336516B8-94B4-4BB9-9979-87EB1E63312D}.Release|Mixed Platforms.Build.0 = Release|x86
		{336516B8-94B4-4BB9-9979-87EB1E63312D}.Release|x86.ActiveCfg = Release|x86
		{336516B8-94B4-4BB9-9979-87EB1E63312D}.Release|x86.Build.0 = Release|x86
		{336516B8-94B4-4BB9-9979-87EB1E63312D}.Release|Xbox 360.ActiveCfg = Release|x86
		{336516B8-94B4-4BB9-9979-87EB1E63312D}.Release|Zune.ActiveCfg = Release|x86
		{E1FF416B-D490-4B86-836A-0E65729523DA}.Debug|Any CPU.ActiveCfg = Debug|x86
		{E1FF416B-D490-4B86-836A-0E65729523DA}.Debug|Mixed Platforms.ActiveCfg = Debug|x86
		{E1FF416B-D490-4B86-836A-0E65729523DA}.Debug|Mixed Platforms.Build.0 = Debug|x86
		{E1FF416B-D490-4B86-836A-0E65729523DA}.Debug|x86.ActiveCfg = Debug|x86
		{E1FF416B-D490-4B86-836A-0E65729523DA}.Debug|x86.Build.0 = Debug|x86
		{E1FF416B-D490-4B86-836A-0E65729523DA}.Debug|Xbox 360.ActiveCfg = Debug|x86
		{E1FF416B-D490-4B86-836A-0E65729523DA}.Debug|Zune.ActiveCfg = Debug|x86
		{E1FF416B-D490-4B86-836A-0E65729523DA}.Release|Any CPU.ActiveCfg = Release|x86
		{E1FF416B-D490-4B86-836A-0E65729523DA}.Release|Mixed Platforms.ActiveCfg = Release|x86
		{E1FF416B-D490-4B86-836A-0E65729523DA}.Release|Mixed Platforms.Build.0 = Release|x86
		{E1FF416B-D490-4B86-836A-0E65729523DA}.Release|x86.ActiveCfg = Release|x86
		{E1FF416B-D490-4B86-836A-0E65729523DA}.Release|x86.Build.0 = Release|x86
		{E1FF416B-D490-4B86-836A-0E65729523DA}.Release|Xbox 360.ActiveCfg = Release|x86
		{E1FF416B-D490-4B86-836A-0E65729523DA}.Release|Zune.ActiveCfg = Release|x86
		{E2F89246-5028-411B-9653-42D65C99160F}.Debug|Any CPU.ActiveCfg = Debug|x86
		{E2F89246-5028-411B-9653-42D65C99160F}.Debug|Mixed Platforms.ActiveCfg = Debug|x86
		{E2F89246-5028-411B-9653-42D65C99160F}.Debug|Mixed Platforms.Build.0 = Debug|x86
		{E2F89246-5028-411B-9653-42D65C99160F}.Debug|x86.ActiveCfg = Debug|x86
		{E2F89246-5028-411B-9653-42D65C99160F}.Debug|x86.Build.0 = Debug|x86
		{E2F89246-5028-411B-9653-42D65C99160F}.Debug|Xbox 360.ActiveCfg = Debug|x86
		{E2F89246-5028-411B-9653-42D65C99160F}.Debug|Zune.ActiveCfg = Debug|x86
		{E2F89246-5028-411B-9653-42D65C99160F}.Release|Any CPU.ActiveCfg = Release|x86
		{E2F89246-5028-411B-9653-42D65C99160F}.Release|Mixed Platforms.ActiveCfg = Release|x86
		{E2F89246-5028-411B-9653-42D65C99160F}.Release|Mixed Platforms.Build.0 = Release|x86
		{E2F89246-5028-411B-9653-42D65C99160F}.Release|x86.ActiveCfg = Release|x86
		{E2F89246-5028-411B-9653-42D65C99160F}.Release|x86.Build.0 = Release|x86
		{E2F89246-5028-411B-9653-42D65C99160F}.Release|Xbox 360.ActiveCfg = Release|x86
		{E2F89246-5028-411B-9653-42D65C99160F}.Release|Zune.ActiveCfg = Release|x86
		{C272C0B1-937F-4E02-894D-E2A20DD1B8C3}.Debug|Any CPU.ActiveCfg = Debug|x86
		{C272C0B1-937F-4E02-894D-E2A20DD1B8C3}.Debug|Mixed Platforms.ActiveCfg = Debug|x86
		{C272C0B1-937F-4E02-894D-E2A20DD1B8C3}.Debug|Mixed Platforms.Build.0 = Debug|x86
		{C272C0B1-937F-4E02-894D-E2A20DD1B8C3}.Debug|x86.ActiveCfg = Debug|x86
		{C272C0B1-937F-4E02-894D-E2A20DD1B8C3}.Debug|x86.Build.0 = Debug|x86
		{C272C0B1-937F-4E02-894D-E2A20DD1B8C3}.Debug|Xbox 360.ActiveCfg = Debug|x86
		{C272C0B1-937F-4E02-894D-E2A20DD1B8C3}.Debug|Zune.ActiveCfg = Debug|x86
		{C272C0B1-937F-4E02-894D-E2A20DD1B8C3}.Release|Any CPU.ActiveCfg = Release|x86
		{C272C0B1-937F-4E02-894D-E2A20DD1B8C3}.Release|Mixed Platforms.ActiveCfg = Release|x86
		{C272C0B1-937F-4E02-894D-E2A20DD1B8C3}.Release|Mixed Platforms.Build.0 = Release|x86
		{C272C0B1-937F-4E02-894D-E2A20DD1B8C3}.Release|x86.ActiveCfg = Release|x86
		{C272C0B1-937F-4E02-894D-E2A20DD1B8C3}.Release|x86.Build.0 = Release|x86
		{C272C0B1-937F-4E02-894D-E2A20DD1B8C3}.Release|Xbox 360.ActiveCfg = Release|x86
		{C272C0B1-937F-4E02-894D-E2A20DD1B8C3}.Release|Zune.ActiveCfg = Release|x86
		{76C270E2-CC04-48C4-A710-9DBD46163704}.Debug|Any CPU.ActiveCfg = Debug|Zune
		{76C270E2-CC04-48C4-A710-9DBD46163704}.Debug|Any CPU.Build.0 = Debug|Zune
		{76C270E2-CC04-48C4-A710-9DBD46163704}.Debug|Mixed Platforms.ActiveCfg = Debug|x86
		{76C270E2-CC04-48C4-A710-9DBD46163704}.Debug|Mixed Platforms.Build.0 = Debug|x86
		{76C270E2-CC04-48C4-A710-9DBD46163704}.Debug|x86.ActiveCfg = Debug|x86
		{76C270E2-CC04-48C4-A710-9DBD46163704}.Debug|x86.Build.0 = Debug|x86
		{76C270E2-CC04-48C4-A710-9DBD46163704}.Debug|Xbox 360.ActiveCfg = Debug|Xbox 360
		{76C270E2-CC04-48C4-A710-9DBD46163704}.Debug|Xbox 360.Build.0 = Debug|Xbox 360
		{76C270E2-CC04-48C4-A710-9DBD46163704}.Debug|Zune.ActiveCfg = Debug|Zune
		{76C270E2-CC04-48C4-A710-9DBD46163704}.Debug|Zune.Build.0 = Debug|Zune
		{76C270E2-CC04-48C4-A710-9DBD46163704}.Release|Any CPU.ActiveCfg = Release|Zune
		{76C270E2-CC04-48C4-A710-9DBD46163704}.Release|Any CPU.Build.0 = Release|Zune
		{76C270E2-CC04-48C4-A710-9DBD46163704}.Release|Mixed Platforms.ActiveCfg = Release|Zune
		{76C270E2-CC04-48C4-A710-9DBD46163704}.Release|Mixed Platforms.Build.0 = Release|Zune
		{76C270E2-CC04-48C4-A710-9DBD46163704}.Release|x86.ActiveCfg = Release|x86
		{76C270E2-CC04-48C4-A710-9DBD46163704}.Release|x86.Build.0 = Release|x86
		{76C270E2-CC04-48C4-A710-9DBD46163704}.Release|Xbox 360.ActiveCfg = Release|Xbox 360
		{76C270E2-CC04-48C4-A710-9DBD46163704}.Release|Xbox 360.Build.0 = Release|Xbox 360
		{76C270E2-CC04-48C4-A710-9DBD46163704}.Release|Zune.ActiveCfg = Release|Zune
		{76C270E2-CC04-48C4-A710-9DBD46163704}.Release|Zune.Build.0 = Release|Zune
		{FF03E337-ECCB-4970-B5F0-F93A93511DA4}.Debug|Any CPU.ActiveCfg = Debug|x86
		{FF03E337-ECCB-4970-B5F0-F93A93511DA4}.Debug|Mixed Platforms.ActiveCfg = Debug|x86
		{FF03E337-ECCB-4970-B5F0-F93A93511DA4}.Debug|x86.ActiveCfg = Debug|x86
		{FF03E337-ECCB-4970-B5F0-F93A93511DA4}.Debug|Xbox 360.ActiveCfg = Debug|x86
		{FF03E337-ECCB-4970-B5F0-F93A93511DA4}.Debug|Zune.ActiveCfg = Debug|x86
		{FF03E337-ECCB-4970-B5F0-F93A93511DA4}.Release|Any CPU.ActiveCfg = Release|x86
		{FF03E337-ECCB-4970-B5F0-F93A93511DA4}.Release|Mixed Platforms.ActiveCfg = Release|x86
		{FF03E337-ECCB-4970-B5F0-F93A93511DA4}.Release|x86.ActiveCfg = Release|x86
		{FF03E337-ECCB-4970-B5F0-F93A93511DA4}.Release|Xbox 360.ActiveCfg = Release|x86
		{FF03E337-ECCB-4970-B5F0-F93A93511DA4}.Release|Zune.ActiveCfg = Release|x86
		{AA95DBDE-53CD-4782-BF98-DC37374610B2}.Debug|Any CPU.ActiveCfg = Debug|x86
		{AA95DBDE-53CD-4782-BF98-DC37374610B2}.Debug|Mixed Platforms.ActiveCfg = Debug|x86
		{AA95DBDE-53CD-4782-BF98-DC37374610B2}.Debug|x86.ActiveCfg = Debug|x86
		{AA95DBDE-53CD-4782-BF98-DC37374610B2}.Debug|Xbox 360.ActiveCfg = Debug|x86
		{AA95DBDE-53CD-4782-BF98-DC37374610B2}.Debug|Zune.ActiveCfg = Debug|x86
		{AA95DBDE-53CD-4782-BF98-DC37374610B2}.Release|Any CPU.ActiveCfg = Release|x86
		{AA95DBDE-53CD-4782-BF98-DC37374610B2}.Release|Mixed Platforms.ActiveCfg = Release|x86
		{AA95DBDE-53CD-4782-BF98-DC37374610B2}.Release|x86.ActiveCfg = Release|x86
		{AA95DBDE-53CD-4782-BF98-DC37374610B2}.Release|Xbox 360.ActiveCfg = Release|x86
		{AA95DBDE-53CD-4782-BF98-DC37374610B2}.Release|Zune.ActiveCfg = Release|x86
		{3D7F8E82-5EE1-40B6-945F-37A28C60D138}.Debug|Any CPU.ActiveCfg = Debug|x86
		{3D7F8E82-5EE1-40B6-945F-37A28C60D138}.Debug|Mixed Platforms.ActiveCfg = Debug|x86
		{3D7F8E82-5EE1-40B6-945F-37A28C60D138}.Debug|x86.ActiveCfg = Debug|x86
		{3D7F8E82-5EE1-40B6-945F-37A28C60D138}.Debug|Xbox 360.ActiveCfg = Debug|x86
		{3D7F8E82-5EE1-40B6-945F-37A28C60D138}.Debug|Zune.ActiveCfg = Debug|x86
		{3D7F8E82-5EE1-40B6-945F-37A28C60D138}.Release|Any CPU.ActiveCfg = Release|x86
		{3D7F8E82-5EE1-40B6-945F-37A28C60D138}.Release|Mixed Platforms.ActiveCfg = Release|x86
		{3D7F8E82-5EE1-40B6-945F-37A28C60D138}.Release|x86.ActiveCfg = Release|x86
		{3D7F8E82-5EE1-40B6-945F-37A28C60D138}.Release|Xbox 360.ActiveCfg = Release|x86
		{3D7F8E82-5EE1-40B6-945F-37A28C60D138}.Release|Zune.ActiveCfg = Release|x86
		{361954B6-5B6E-4C31-8FE1-E218130C142C}.Debug|Any CPU.ActiveCfg = Debug|x86
		{361954B6-5B6E-4C31-8FE1-E218130C142C}.Debug|Mixed Platforms.ActiveCfg = Debug|x86
		{361954B6-5B6E-4C31-8FE1-E218130C142C}.Debug|x86.ActiveCfg = Debug|x86
		{361954B6-5B6E-4C31-8FE1-E218130C142C}.Debug|Xbox 360.ActiveCfg = Debug|x86
		{361954B6-5B6E-4C31-8FE1-E218130C142C}.Debug|Zune.ActiveCfg = Debug|x86
		{361954B6-5B6E-4C31-8FE1-E218130C142C}.Release|Any CPU.ActiveCfg = Release|x86
		{361954B6-5B6E-4C31-8FE1-E218130C142C}.Release|Mixed Platforms.ActiveCfg = Release|x86
		{361954B6-5B6E-4C31-8FE1-E218130C142C}.Release|x86.ActiveCfg = Release|x86
		{361954B6-5B6E-4C31-8FE1-E218130C142C}.Release|Xbox 360.ActiveCfg = Release|x86
		{361954B6-5B6E-4C31-8FE1-E218130C142C}.Release|Zune.ActiveCfg = Release|x86
		{651265D6-8DC7-4109-8B5D-CAF10281845C}.Debug|Any CPU.ActiveCfg = Debug|x86
		{651265D6-8DC7-4109-8B5D-CAF10281845C}.Debug|Mixed Platforms.ActiveCfg = Debug|x86
		{651265D6-8DC7-4109-8B5D-CAF10281845C}.Debug|x86.ActiveCfg = Debug|x86
		{651265D6-8DC7-4109-8B5D-CAF10281845C}.Debug|Xbox 360.ActiveCfg = Debug|x86
		{651265D6-8DC7-4109-8B5D-CAF10281845C}.Debug|Zune.ActiveCfg = Debug|x86
		{651265D6-8DC7-4109-8B5D-CAF10281845C}.Release|Any CPU.ActiveCfg = Release|x86
		{651265D6-8DC7-4109-8B5D-CAF10281845C}.Release|Mixed Platforms.ActiveCfg = Release|x86
		{651265D6-8DC7-4109-8B5D-CAF10281845C}.Release|x86.ActiveCfg = Release|x86
		{651265D6-8DC7-4109-8B5D-CAF10281845C}.Release|Xbox 360.ActiveCfg = Release|x86
		{651265D6-8DC7-4109-8B5D-CAF10281845C}.Release|Zune.ActiveCfg = Release|x86
		{2D328FD7-787C-4225-AE0B-2D896D719D71}.Debug|Any CPU.ActiveCfg = Debug|x86
		{2D328FD7-787C-4225-AE0B-2D896D719D71}.Debug|Mixed Platforms.ActiveCfg = Debug|x86
		{2D328FD7-787C-4225-AE0B-2D896D719D71}.Debug|x86.ActiveCfg = Debug|x86
		{2D328FD7-787C-4225-AE0B-2D896D719D71}.Debug|Xbox 360.ActiveCfg = Debug|x86
		{2D328FD7-787C-4225-AE0B-2D896D719D71}.Debug|Zune.ActiveCfg = Debug|x86
		{2D328FD7-787C-4225-AE0B-2D896D719D71}.Release|Any CPU.ActiveCfg = Release|x86
		{2D328FD7-787C-4225-AE0B-2D896D719D71}.Release|Mixed Platforms.ActiveCfg = Release|x86
		{2D328FD7-787C-4225-AE0B-2D896D719D71}.Release|x86.ActiveCfg = Release|x86
		{2D328FD7-787C-4225-AE0B-2D896D719D71}.Release|Xbox 360.ActiveCfg = Release|x86
		{2D328FD7-787C-4225-AE0B-2D896D719D71}.Release|Zune.ActiveCfg = Release|x86
		{860F4A5B-C8F8-422F-AF45-1C81D6A82EC0}.Debug|Any CPU.ActiveCfg = Debug|x86
		{860F4A5B-C8F8-422F-AF45-1C81D6A82EC0}.Debug|Mixed Platforms.ActiveCfg = Debug|x86
		{860F4A5B-C8F8-422F-AF45-1C81D6A82EC0}.Debug|x86.ActiveCfg = Debug|x86
		{860F4A5B-C8F8-422F-AF45-1C81D6A82EC0}.Debug|Xbox 360.ActiveCfg = Debug|x86
		{860F4A5B-C8F8-422F-AF45-1C81D6A82EC0}.Debug|Zune.ActiveCfg = Debug|x86
		{860F4A5B-C8F8-422F-AF45-1C81D6A82EC0}.Release|Any CPU.ActiveCfg = Release|x86
		{860F4A5B-C8F8-422F-AF45-1C81D6A82EC0}.Release|Mixed Platforms.ActiveCfg = Release|x86
		{860F4A5B-C8F8-422F-AF45-1C81D6A82EC0}.Release|x86.ActiveCfg = Release|x86
		{860F4A5B-C8F8-422F-AF45-1C81D6A82EC0}.Release|Xbox 360.ActiveCfg = Release|x86
		{860F4A5B-C8F8-422F-AF45-1C81D6A82EC0}.Release|Zune.ActiveCfg = Release|x86
		{642C39F6-F903-4916-8525-BB3A2A10122E}.Debug|Any CPU.ActiveCfg = Debug|x86
		{642C39F6-F903-4916-8525-BB3A2A10122E}.Debug|Mixed Platforms.ActiveCfg = Debug|x86
		{642C39F6-F903-4916-8525-BB3A2A10122E}.Debug|x86.ActiveCfg = Debug|x86
		{642C39F6-F903-4916-8525-BB3A2A10122E}.Debug|Xbox 360.ActiveCfg = Debug|x86
		{642C39F6-F903-4916-8525-BB3A2A10122E}.Debug|Zune.ActiveCfg = Debug|x86
		{642C39F6-F903-4916-8525-BB3A2A10122E}.Release|Any CPU.ActiveCfg = Release|x86
		{642C39F6-F903-4916-8525-BB3A2A10122E}.Release|Mixed Platforms.ActiveCfg = Release|x86
		{642C39F6-F903-4916-8525-BB3A2A10122E}.Release|x86.ActiveCfg = Release|x86
		{642C39F6-F903-4916-8525-BB3A2A10122E}.Release|Xbox 360.ActiveCfg = Release|x86
		{642C39F6-F903-4916-8525-BB3A2A10122E}.Release|Zune.ActiveCfg = Release|x86
		{16FD8F67-47E1-4AA8-8631-003EF39870D7}.Debug|Any CPU.ActiveCfg = Debug|x86
		{16FD8F67-47E1-4AA8-8631-003EF39870D7}.Debug|Mixed Platforms.ActiveCfg = Debug|x86
		{16FD8F67-47E1-4AA8-8631-003EF39870D7}.Debug|x86.ActiveCfg = Debug|x86
		{16FD8F67-47E1-4AA8-8631-003EF39870D7}.Debug|Xbox 360.ActiveCfg = Debug|x86
		{16FD8F67-47E1-4AA8-8631-003EF39870D7}.Debug|Zune.ActiveCfg = Debug|x86
		{16FD8F67-47E1-4AA8-8631-003EF39870D7}.Release|Any CPU.ActiveCfg = Release|x86
		{16FD8F67-47E1-4AA8-8631-003EF39870D7}.Release|Mixed Platforms.ActiveCfg = Release|x86
		{16FD8F67-47E1-4AA8-8631-003EF39870D7}.Release|x86.ActiveCfg = Release|x86
		{16FD8F67-47E1-4AA8-8631-003EF39870D7}.Release|Xbox 360.ActiveCfg = Release|x86
		{16FD8F67-47E1-4AA8-8631-003EF39870D7}.Release|Zune.ActiveCfg = Release|x86
		{2E5ACD3B-92B8-4235-89EC-C43AFA181E18}.Debug|Any CPU.ActiveCfg = Debug|x86
		{2E5ACD3B-92B8-4235-89EC-C43AFA181E18}.Debug|Mixed Platforms.ActiveCfg = Debug|x86
		{2E5ACD3B-92B8-4235-89EC-C43AFA181E18}.Debug|x86.ActiveCfg = Debug|x86
		{2E5ACD3B-92B8-4235-89EC-C43AFA181E18}.Debug|Xbox 360.ActiveCfg = Debug|x86
		{2E5ACD3B-92B8-4235-89EC-C43AFA181E18}.Debug|Zune.ActiveCfg = Debug|x86
		{2E5ACD3B-92B8-4235-89EC-C43AFA181E18}.Release|Any CPU.ActiveCfg = Release|x86
		{2E5ACD3B-92B8-4235-89EC-C43AFA181E18}.Release|Mixed Platforms.ActiveCfg = Release|x86
		{2E5ACD3B-92B8-4235-89EC-C43AFA181E18}.Release|x86.ActiveCfg = Release|x86
		{2E5ACD3B-92B8-4235-89EC-C43AFA181E18}.Release|Xbox 360.ActiveCfg = Release|x86
		{2E5ACD3B-92B8-4235-89EC-C43AFA181E18}.Release|Zune.ActiveCfg = Release|x86
		{91217B4C-9D58-42E0-BC06-6C04AC635AFB}.Debug|Any CPU.ActiveCfg = Debug|x86
		{91217B4C-9D58-42E0-BC06-6C04AC635AFB}.Debug|Mixed Platforms.ActiveCfg = Debug|x86
		{91217B4C-9D58-42E0-BC06-6C04AC635AFB}.Debug|x86.ActiveCfg = Debug|x86
		{91217B4C-9D58-42E0-BC06-6C04AC635AFB}.Debug|Xbox 360.ActiveCfg = Debug|x86
		{91217B4C-9D58-42E0-BC06-6C04AC635AFB}.Debug|Zune.ActiveCfg = Debug|x86
		{91217B4C-9D58-42E0-BC06-6C04AC635AFB}.Release|Any CPU.ActiveCfg = Release|x86
		{91217B4C-9D58-42E0-BC06-6C04AC635AFB}.Release|Mixed Platforms.ActiveCfg = Release|x86
		{91217B4C-9D58-42E0-BC06-6C04AC635AFB}.Release|x86.ActiveCfg = Release|x86
		{91217B4C-9D58-42E0-BC06-6C04AC635AFB}.Release|Xbox 360.ActiveCfg = Release|x86
		{91217B4C-9D58-42E0-BC06-6C04AC635AFB}.Release|Zune.ActiveCfg = Release|x86
		{831EB70E-3814-45F0-96DF-96D57DF92D7F}.Debug|Any CPU.ActiveCfg = Debug|x86
		{831EB70E-3814-45F0-96DF-96D57DF92D7F}.Debug|Mixed Platforms.ActiveCfg = Debug|x86
		{831EB70E-3814-45F0-96DF-96D57DF92D7F}.Debug|x86.ActiveCfg = Debug|x86
		{831EB70E-3814-45F0-96DF-96D57DF92D7F}.Debug|Xbox 360.ActiveCfg = Debug|x86
		{831EB70E-3814-45F0-96DF-96D57DF92D7F}.Debug|Zune.ActiveCfg = Debug|x86
		{831EB70E-3814-45F0-96DF-96D57DF92D7F}.Release|Any CPU.ActiveCfg = Release|x86
		{831EB70E-3814-45F0-96DF-96D57DF92D7F}.Release|Mixed Platforms.ActiveCfg = Release|x86
		{831EB70E-3814-45F0-96DF-96D57DF92D7F}.Release|x86.ActiveCfg = Release|x86
		{831EB70E-3814-45F0-96DF-96D57DF92D7F}.Release|Xbox 360.ActiveCfg = Release|x86
		{831EB70E-3814-45F0-96DF-96D57DF92D7F}.Release|Zune.ActiveCfg = Release|x86
		{55A7D171-722C-47AE-98E5-3C985439F279}.Debug|Any CPU.ActiveCfg = Debug|x86
		{55A7D171-722C-47AE-98E5-3C985439F279}.Debug|Mixed Platforms.ActiveCfg = Debug|x86
		{55A7D171-722C-47AE-98E5-3C985439F279}.Debug|x86.ActiveCfg = Debug|x86
		{55A7D171-722C-47AE-98E5-3C985439F279}.Debug|Xbox 360.ActiveCfg = Debug|x86
		{55A7D171-722C-47AE-98E5-3C985439F279}.Debug|Zune.ActiveCfg = Debug|x86
		{55A7D171-722C-47AE-98E5-3C985439F279}.Release|Any CPU.ActiveCfg = Release|x86
		{55A7D171-722C-47AE-98E5-3C985439F279}.Release|Mixed Platforms.ActiveCfg = Release|x86
		{55A7D171-722C-47AE-98E5-3C985439F279}.Release|x86.ActiveCfg = Release|x86
		{55A7D171-722C-47AE-98E5-3C985439F279}.Release|Xbox 360.ActiveCfg = Release|x86
		{55A7D171-722C-47AE-98E5-3C985439F279}.Release|Zune.ActiveCfg = Release|x86
		{21C1E702-38A6-41D8-9C08-3FF26A813B57}.Debug|Any CPU.ActiveCfg = Debug|x86
		{21C1E702-38A6-41D8-9C08-3FF26A813B57}.Debug|Mixed Platforms.ActiveCfg = Debug|x86
		{21C1E702-38A6-41D8-9C08-3FF26A813B57}.Debug|Mixed Platforms.Build.0 = Debug|x86
		{21C1E702-38A6-41D8-9C08-3FF26A813B57}.Debug|x86.ActiveCfg = Debug|x86
		{21C1E702-38A6-41D8-9C08-3FF26A813B57}.Debug|x86.Build.0 = Debug|x86
		{21C1E702-38A6-41D8-9C08-3FF26A813B57}.Debug|Xbox 360.ActiveCfg = Debug|x86
		{21C1E702-38A6-41D8-9C08-3FF26A813B57}.Debug|Zune.ActiveCfg = Debug|x86
		{21C1E702-38A6-41D8-9C08-3FF26A813B57}.Release|Any CPU.ActiveCfg = Release|x86
		{21C1E702-38A6-41D8-9C08-3FF26A813B57}.Release|Mixed Platforms.ActiveCfg = Release|x86
		{21C1E702-38A6-41D8-9C08-3FF26A813B57}.Release|Mixed Platforms.Build.0 = Release|x86
		{21C1E702-38A6-41D8-9C08-3FF26A813B57}.Release|x86.ActiveCfg = Release|x86
		{21C1E702-38A6-41D8-9C08-3FF26A813B57}.Release|x86.Build.0 = Release|x86
		{21C1E702-38A6-41D8-9C08-3FF26A813B57}.Release|Xbox 360.ActiveCfg = Release|x86
		{21C1E702-38A6-41D8-9C08-3FF26A813B57}.Release|Zune.ActiveCfg = Release|x86
		{49405F30-2800-4ACF-8C02-424B77865609}.Debug|Any CPU.ActiveCfg = Debug|x86
		{49405F30-2800-4ACF-8C02-424B77865609}.Debug|Mixed Platforms.ActiveCfg = Debug|x86
		{49405F30-2800-4ACF-8C02-424B77865609}.Debug|Mixed Platforms.Build.0 = Debug|x86
		{49405F30-2800-4ACF-8C02-424B77865609}.Debug|x86.ActiveCfg = Debug|x86
		{49405F30-2800-4ACF-8C02-424B77865609}.Debug|x86.Build.0 = Debug|x86
		{49405F30-2800-4ACF-8C02-424B77865609}.Debug|Xbox 360.ActiveCfg = Debug|x86
		{49405F30-2800-4ACF-8C02-424B77865609}.Debug|Zune.ActiveCfg = Debug|x86
		{49405F30-2800-4ACF-8C02-424B77865609}.Release|Any CPU.ActiveCfg = Release|x86
		{49405F30-2800-4ACF-8C02-424B77865609}.Release|Mixed Platforms.ActiveCfg = Release|x86
		{49405F30-2800-4ACF-8C02-424B77865609}.Release|Mixed Platforms.Build.0 = Release|x86
		{49405F30-2800-4ACF-8C02-424B77865609}.Release|x86.ActiveCfg = Release|x86
		{49405F30-2800-4ACF-8C02-424B77865609}.Release|x86.Build.0 = Release|x86
		{49405F30-2800-4ACF-8C02-424B77865609}.Release|Xbox 360.ActiveCfg = Release|x86
		{49405F30-2800-4ACF-8C02-424B77865609}.Release|Zune.ActiveCfg = Release|x86
		{D986758A-EB9B-43FD-86B1-BB7C508D120A}.Debug|Any CPU.ActiveCfg = Debug|x86
		{D986758A-EB9B-43FD-86B1-BB7C508D120A}.Debug|Mixed Platforms.ActiveCfg = Debug|x86
		{D986758A-EB9B-43FD-86B1-BB7C508D120A}.Debug|x86.ActiveCfg = Debug|x86
		{D986758A-EB9B-43FD-86B1-BB7C508D120A}.Debug|Xbox 360.ActiveCfg = Debug|x86
		{D986758A-EB9B-43FD-86B1-BB7C508D120A}.Debug|Zune.ActiveCfg = Debug|x86
		{D986758A-EB9B-43FD-86B1-BB7C508D120A}.Release|Any CPU.ActiveCfg = Release|x86
		{D986758A-EB9B-43FD-86B1-BB7C508D120A}.Release|Mixed Platforms.ActiveCfg = Release|x86
		{D986758A-EB9B-43FD-86B1-BB7C508D120A}.Release|x86.ActiveCfg = Release|x86
		{D986758A-EB9B-43FD-86B1-BB7C508D120A}.Release|Xbox 360.ActiveCfg = Release|x86
		{D986758A-EB9B-43FD-86B1-BB7C508D120A}.Release|Zune.ActiveCfg = Release|x86
		{C11CFBA4-2AB4-4AAA-9D7F-766D21DFBB9E}.Debug|Any CPU.ActiveCfg = Debug|x86
		{C11CFBA4-2AB4-4AAA-9D7F-766D21DFBB9E}.Debug|Mixed Platforms.ActiveCfg = Debug|x86
		{C11CFBA4-2AB4-4AAA-9D7F-766D21DFBB9E}.Debug|Mixed Platforms.Build.0 = Debug|x86
		{C11CFBA4-2AB4-4AAA-9D7F-766D21DFBB9E}.Debug|x86.ActiveCfg = Debug|x86
		{C11CFBA4-2AB4-4AAA-9D7F-766D21DFBB9E}.Debug|x86.Build.0 = Debug|x86
		{C11CFBA4-2AB4-4AAA-9D7F-766D21DFBB9E}.Debug|Xbox 360.ActiveCfg = Debug|x86
		{C11CFBA4-2AB4-4AAA-9D7F-766D21DFBB9E}.Debug|Zune.ActiveCfg = Debug|x86
		{C11CFBA4-2AB4-4AAA-9D7F-766D21DFBB9E}.Release|Any CPU.ActiveCfg = Release|x86
		{C11CFBA4-2AB4-4AAA-9D7F-766D21DFBB9E}.Release|Mixed Platforms.ActiveCfg = Release|x86
		{C11CFBA4-2AB4-4AAA-9D7F-766D21DFBB9E}.Release|Mixed Platforms.Build.0 = Release|x86
		{C11CFBA4-2AB4-4AAA-9D7F-766D21DFBB9E}.Release|x86.ActiveCfg = Release|x86
		{C11CFBA4-2AB4-4AAA-9D7F-766D21DFBB9E}.Release|x86.Build.0 = Release|x86
		{C11CFBA4-2AB4-4AAA-9D7F-766D21DFBB9E}.Release|Xbox 360.ActiveCfg = Release|x86
		{C11CFBA4-2AB4-4AAA-9D7F-766D21DFBB9E}.Release|Zune.ActiveCfg = Release|x86
		{479565D1-C424-495C-A3F7-2CE16C776259}.Debug|Any CPU.ActiveCfg = Debug|x86
		{479565D1-C424-495C-A3F7-2CE16C776259}.Debug|Mixed Platforms.ActiveCfg = Debug|x86
		{479565D1-C424-495C-A3F7-2CE16C776259}.Debug|x86.ActiveCfg = Debug|x86
		{479565D1-C424-495C-A3F7-2CE16C776259}.Debug|Xbox 360.ActiveCfg = Debug|x86
		{479565D1-C424-495C-A3F7-2CE16C776259}.Debug|Zune.ActiveCfg = Debug|x86
		{479565D1-C424-495C-A3F7-2CE16C776259}.Release|Any CPU.ActiveCfg = Release|x86
		{479565D1-C424-495C-A3F7-2CE16C776259}.Release|Mixed Platforms.ActiveCfg = Release|x86
		{479565D1-C424-495C-A3F7-2CE16C776259}.Release|x86.ActiveCfg = Release|x86
		{479565D1-C424-495C-A3F7-2CE16C776259}.Release|Xbox 360.ActiveCfg = Release|x86
		{479565D1-C424-495C-A3F7-2CE16C776259}.Release|Zune.ActiveCfg = Release|x86
		{4556F7C1-3C88-4483-A6EF-5239F58C06F9}.Debug|Any CPU.ActiveCfg = Debug|x86
		{4556F7C1-3C88-4483-A6EF-5239F58C06F9}.Debug|Mixed Platforms.ActiveCfg = Debug|x86
		{4556F7C1-3C88-4483-A6EF-5239F58C06F9}.Debug|Mixed Platforms.Build.0 = Debug|x86
		{4556F7C1-3C88-4483-A6EF-5239F58C06F9}.Debug|x86.ActiveCfg = Debug|x86
		{4556F7C1-3C88-4483-A6EF-5239F58C06F9}.Debug|x86.Build.0 = Debug|x86
		{4556F7C1-3C88-4483-A6EF-5239F58C06F9}.Debug|Xbox 360.ActiveCfg = Debug|x86
		{4556F7C1-3C88-4483-A6EF-5239F58C06F9}.Debug|Zune.ActiveCfg = Debug|x86
		{4556F7C1-3C88-4483-A6EF-5239F58C06F9}.Release|Any CPU.ActiveCfg = Release|x86
		{4556F7C1-3C88-4483-A6EF-5239F58C06F9}.Release|Mixed Platforms.ActiveCfg = Release|x86
		{4556F7C1-3C88-4483-A6EF-5239F58C06F9}.Release|Mixed Platforms.Build.0 = Release|x86
		{4556F7C1-3C88-4483-A6EF-5239F58C06F9}.Release|x86.ActiveCfg = Release|x86
		{4556F7C1-3C88-4483-A6EF-5239F58C06F9}.Release|x86.Build.0 = Release|x86
		{4556F7C1-3C88-4483-A6EF-5239F58C06F9}.Release|Xbox 360.ActiveCfg = Release|x86
		{4556F7C1-3C88-4483-A6EF-5239F58C06F9}.Release|Zune.ActiveCfg = Release|x86
		{C34E95D6-6D5D-44B9-8E55-7AF973BC5750}.Debug|Any CPU.ActiveCfg = Debug|x86
		{C34E95D6-6D5D-44B9-8E55-7AF973BC5750}.Debug|Mixed Platforms.ActiveCfg = Debug|x86
		{C34E95D6-6D5D-44B9-8E55-7AF973BC5750}.Debug|x86.ActiveCfg = Debug|x86
		{C34E95D6-6D5D-44B9-8E55-7AF973BC5750}.Debug|Xbox 360.ActiveCfg = Debug|x86
		{C34E95D6-6D5D-44B9-8E55-7AF973BC5750}.Debug|Zune.ActiveCfg = Debug|x86
		{C34E95D6-6D5D-44B9-8E55-7AF973BC5750}.Release|Any CPU.ActiveCfg = Release|x86
		{C34E95D6-6D5D-44B9-8E55-7AF973BC5750}.Release|Mixed Platforms.ActiveCfg = Release|x86
		{C34E95D6-6D5D-44B9-8E55-7AF973BC5750}.Release|x86.ActiveCfg = Release|x86
		{C34E95D6-6D5D-44B9-8E55-7AF973BC5750}.Release|Xbox 360.ActiveCfg = Release|x86
		{C34E95D6-6D5D-44B9-8E55-7AF973BC5750}.Release|Zune.ActiveCfg = Release|x86
		{B08DFE8C-CDDB-405B-B928-81D50A736C17}.Debug|Any CPU.ActiveCfg = Debug|x86
		{B08DFE8C-CDDB-405B-B928-81D50A736C17}.Debug|Mixed Platforms.ActiveCfg = Debug|x86
		{B08DFE8C-CDDB-405B-B928-81D50A736C17}.Debug|Mixed Platforms.Build.0 = Debug|x86
		{B08DFE8C-CDDB-405B-B928-81D50A736C17}.Debug|x86.ActiveCfg = Debug|x86
		{B08DFE8C-CDDB-405B-B928-81D50A736C17}.Debug|x86.Build.0 = Debug|x86
		{B08DFE8C-CDDB-405B-B928-81D50A736C17}.Debug|Xbox 360.ActiveCfg = Debug|x86
		{B08DFE8C-CDDB-405B-B928-81D50A736C17}.Debug|Zune.ActiveCfg = Debug|x86
		{B08DFE8C-CDDB-405B-B928-81D50A736C17}.Release|Any CPU.ActiveCfg = Release|x86
		{B08DFE8C-CDDB-405B-B928-81D50A736C17}.Release|Mixed Platforms.ActiveCfg = Release|x86
		{B08DFE8C-CDDB-405B-B928-81D50A736C17}.Release|Mixed Platforms.Build.0 = Release|x86
		{B08DFE8C-CDDB-405B-B928-81D50A736C17}.Release|x86.ActiveCfg = Release|x86
		{B08DFE8C-CDDB-405B-B928-81D50A736C17}.Release|x86.Build.0 = Release|x86
		{B08DFE8C-CDDB-405B-B928-81D50A736C17}.Release|Xbox 360.ActiveCfg = Release|x86
		{B08DFE8C-CDDB-405B-B928-81D50A736C17}.Release|Zune.ActiveCfg = Release|x86
		{918DA2B2-E2DE-4BCB-8F06-A87E725F0CC2}.Debug|Any CPU.ActiveCfg = Debug|x86
		{918DA2B2-E2DE-4BCB-8F06-A87E725F0CC2}.Debug|Mixed Platforms.ActiveCfg = Debug|x86
		{918DA2B2-E2DE-4BCB-8F06-A87E725F0CC2}.Debug|x86.ActiveCfg = Debug|x86
		{918DA2B2-E2DE-4BCB-8F06-A87E725F0CC2}.Debug|Xbox 360.ActiveCfg = Debug|x86
		{918DA2B2-E2DE-4BCB-8F06-A87E725F0CC2}.Debug|Zune.ActiveCfg = Debug|x86
		{918DA2B2-E2DE-4BCB-8F06-A87E725F0CC2}.Release|Any CPU.ActiveCfg = Release|x86
		{918DA2B2-E2DE-4BCB-8F06-A87E725F0CC2}.Release|Mixed Platforms.ActiveCfg = Release|x86
		{918DA2B2-E2DE-4BCB-8F06-A87E725F0CC2}.Release|x86.ActiveCfg = Release|x86
		{918DA2B2-E2DE-4BCB-8F06-A87E725F0CC2}.Release|Xbox 360.ActiveCfg = Release|x86
		{918DA2B2-E2DE-4BCB-8F06-A87E725F0CC2}.Release|Zune.ActiveCfg = Release|x86
	EndGlobalSection
	GlobalSection(SolutionProperties) = preSolution
		HideSolutionNode = FALSE
	EndGlobalSection
EndGlobal
