Microsoft Visual Studio Solution File, Format Version 11.00
# Visual Studio 2010
Project("{FAE04EC0-301F-11D3-BF4B-00C04F79EFBC}") = "Tutorial1 - Getting Started - Phone", "Tutorial1 - Getting Started\Tutorial1 - Getting Started - Phone.csproj", "{66C81775-8123-4649-9FCE-B0E01C74A4EF}"
EndProject
Project("{FAE04EC0-301F-11D3-BF4B-00C04F79EFBC}") = "Tutorial1 - Getting Started PhoneContent", "Tutorial1 - Getting Started\Content\Tutorial1 - Getting Started PhoneContent.contentproj", "{0D5E65B5-ECB7-4D22-8640-1D11927C58FF}"
EndProject
Project("{FAE04EC0-301F-11D3-BF4B-00C04F79EFBC}") = "Tutorial2 - Simple Animation - Phone", "Tutorial2 - Simple Animation\Tutorial2 - Simple Animation - Phone.csproj", "{99523A00-EA17-4BFE-A0DB-78A6426BC2CA}"
EndProject
Project("{FAE04EC0-301F-11D3-BF4B-00C04F79EFBC}") = "Tutorial2 - Simple Animation - PhoneContent", "Tutorial2 - Simple Animation\Content\Tutorial2 - Simple Animation - PhoneContent.contentproj", "{5D25771E-59F8-4CE9-8817-69CD4513DC9D}"
EndProject
Project("{FAE04EC0-301F-11D3-BF4B-00C04F79EFBC}") = "Tutorial3 - Simple 2D GUI - Phone", "Tutorial3 - Simple 2D GUI\Tutorial3 - Simple 2D GUI - Phone.csproj", "{5F13CB0F-FE04-4BB6-8745-D477491B9EC4}"
EndProject
Project("{FAE04EC0-301F-11D3-BF4B-00C04F79EFBC}") = "Tutorial3 - Simple 2D GUI - PhoneContent", "Tutorial3 - Simple 2D GUI\Content\Tutorial3 - Simple 2D GUI - PhoneContent.contentproj", "{3DC8C83D-E429-44C5-9F48-2B9A0CA2B2B8}"
EndProject
Project("{FAE04EC0-301F-11D3-BF4B-00C04F79EFBC}") = "Tutorial5 - Simple Physics - Phone", "Tutorial5 - Simple Physics\Tutorial5 - Simple Physics - Phone.csproj", "{7B2F0C8E-9746-4E21-9345-59AB24B79ED6}"
EndProject
Project("{FAE04EC0-301F-11D3-BF4B-00C04F79EFBC}") = "Tutorial5 - Simple Physics - PhoneContent", "Tutorial5 - Simple Physics\Content\Tutorial5 - Simple Physics - PhoneContent.contentproj", "{420B7BE4-5BB0-4E70-A0FD-ADBABE913D6E}"
EndProject
Project("{FAE04EC0-301F-11D3-BF4B-00C04F79EFBC}") = "Tutorial6 - Simple Particle Systems - Phone", "Tutorial6 - Simple Particle Systems\Tutorial6 - Simple Particle Systems - Phone.csproj", "{F53FB6C8-6F04-4640-AB20-8A7EB7542B4F}"
EndProject
Project("{FAE04EC0-301F-11D3-BF4B-00C04F79EFBC}") = "Tutorial6 - Simple Particle Systems - PhoneContent", "Tutorial6 - Simple Particle Systems\Content\Tutorial6 - Simple Particle Systems - PhoneContent.contentproj", "{E8D25D8B-7303-4DB8-9AE8-DC866ADBBE52}"
EndProject
Project("{FAE04EC0-301F-11D3-BF4B-00C04F79EFBC}") = "Tutorial7 - Custom Shape - Phone", "Tutorial7 - Custom Shape\Tutorial7 - Custom Shape - Phone.csproj", "{5D0DBE30-2C5F-48C2-A104-F63CF9F412F9}"
EndProject
Project("{FAE04EC0-301F-11D3-BF4B-00C04F79EFBC}") = "Tutorial7 - Custom Shape - PhoneContent", "Tutorial7 - Custom Shape\Content\Tutorial7 - Custom Shape - PhoneContent.contentproj", "{6ECF2DF8-E4EE-4AC9-9200-A00D7D6377D4}"
EndProject
Project("{FAE04EC0-301F-11D3-BF4B-00C04F79EFBC}") = "Tutorial14 - Skinned Model Animation - Phone", "Tutorial14 - Skinned Model Animation\Tutorial14 - Skinned Model Animation - Phone.csproj", "{70B334BA-10A5-4812-9492-B176DF5F2BD4}"
EndProject
Project("{FAE04EC0-301F-11D3-BF4B-00C04F79EFBC}") = "Tutorial14 - Skinned Model Animation - PhoneContent", "Tutorial14 - Skinned Model Animation\Content\Tutorial14 - Skinned Model Animation - PhoneContent.contentproj", "{A384B18D-A02E-42A1-9BA8-5CD152D8E3E1}"
EndProject
Project("{FAE04EC0-301F-11D3-BF4B-00C04F79EFBC}") = "SkinnedModelPhone", "SkinnedModelWindows\SkinnedModelPhone.csproj", "{2C9E90A5-F40B-4A1B-A5FA-62F77416C51E}"
EndProject
Project("{FAE04EC0-301F-11D3-BF4B-00C04F79EFBC}") = "SkinnedModelPipeline - Phone", "SkinnedModelPipeline\SkinnedModelPipeline - Phone.csproj", "{A0EB67FD-310F-4733-86FD-248B75E24682}"
EndProject
Project("{FAE04EC0-301F-11D3-BF4B-00C04F79EFBC}") = "Tutorial9 - Advanced Features - Phone", "Tutorial9 - Advanced Features\Tutorial9 - Advanced Features - Phone.csproj", "{00CCEC57-8542-406C-A541-6A079D4FAAC4}"
EndProject
Project("{FAE04EC0-301F-11D3-BF4B-00C04F79EFBC}") = "Tutorial9 - Advanced Features - PhoneContent", "Tutorial9 - Advanced Features\Content\Tutorial9 - Advanced Features - PhoneContent.contentproj", "{C51E4BB3-0E43-41F0-8F23-0429608B28B3}"
EndProject
Project("{FAE04EC0-301F-11D3-BF4B-00C04F79EFBC}") = "Tutorial10 - Networking - Phone", "Tutorial10 - Networking\Tutorial10 - Networking - Phone.csproj", "{5E3FD049-F944-4F02-B4AF-D411167FDC52}"
EndProject
Project("{FAE04EC0-301F-11D3-BF4B-00C04F79EFBC}") = "Tutorial10 - Networking - PhoneContent", "Tutorial10 - Networking\Content\Tutorial10 - Networking - PhoneContent.contentproj", "{EEE35510-EAEB-49F0-B1DD-0AC3EE4AC68B}"
EndProject
Project("{FAE04EC0-301F-11D3-BF4B-00C04F79EFBC}") = "Tutorial8 - Optical Marker Tracking - Silverlight", "Tutorial8 - Optical Marker Tracking\Silverlight\Tutorial8 - Optical Marker Tracking - Silverlight.csproj", "{C45849B3-D344-4BEA-BF26-890D1F6A5202}"
EndProject
Project("{FAE04EC0-301F-11D3-BF4B-00C04F79EFBC}") = "Tutorial8 - Optical Marker Tracking - Phone", "Tutorial8 - Optical Marker Tracking\Tutorial8 - Optical Marker Tracking - Phone.csproj", "{4D06C9D8-33C0-4DF4-82E3-7CD29FE7BC89}"
EndProject
Project("{FAE04EC0-301F-11D3-BF4B-00C04F79EFBC}") = "Tutorial8 - Optical Marker Tracking - PhoneContent", "Tutorial8 - Optical Marker Tracking\Content\Tutorial8 - Optical Marker Tracking - PhoneContent.contentproj", "{5D6CF3FC-3284-40C3-A428-2B5A03BCB208}"
EndProject
Project("{FAE04EC0-301F-11D3-BF4B-00C04F79EFBC}") = "Tutorial16 - Multiple Viewport - Phone", "Tutorial16 - Multiple Viewport\Silverlight\Tutorial16 - Multiple Viewport - Phone.csproj", "{F4C527DE-EC90-4EFC-972F-C40E4EF4281C}"
EndProject
Project("{FAE04EC0-301F-11D3-BF4B-00C04F79EFBC}") = "Tutorial16 - Multiple Viewport - PhoneLib", "Tutorial16 - Multiple Viewport\Tutorial16 - Multiple Viewport - PhoneLib.csproj", "{C2567CFE-B6FA-4DBD-8551-890B28EFD024}"
EndProject
Project("{FAE04EC0-301F-11D3-BF4B-00C04F79EFBC}") = "Tutorial16 - Multiple Viewport - PhoneLibContent", "Tutorial16 - Multiple Viewport\Content\Tutorial16 - Multiple Viewport - PhoneLibContent.contentproj", "{628AC209-07F2-4201-A97D-E7071A7BB51A}"
EndProject
Project("{FAE04EC0-301F-11D3-BF4B-00C04F79EFBC}") = "Tutorial4 - 3D Object Selection - Phone", "Tutorial4 - 3D Object Selection\Tutorial4 - 3D Object Selection - Phone.csproj", "{56D976F2-00A3-440F-9FB3-DC8EFC88FD7A}"
EndProject
Project("{FAE04EC0-301F-11D3-BF4B-00C04F79EFBC}") = "Tutorial4 - 3D Object Selection - PhoneContent", "Tutorial4 - 3D Object Selection\Content\Tutorial4 - 3D Object Selection - PhoneContent.contentproj", "{3464E353-7F79-418C-8436-D48C579535DD}"
EndProject
Project("{FAE04EC0-301F-11D3-BF4B-00C04F79EFBC}") = "Tutorial13 - Stereo Rendering - Phone", "Tutorial13 - iWear VR920\Silverlight\Tutorial13 - Stereo Rendering - Phone.csproj", "{9C373F1B-DBCD-4FBF-8095-525179EBE902}"
EndProject
Project("{FAE04EC0-301F-11D3-BF4B-00C04F79EFBC}") = "Tutorial13 - Stereo Rendering - PhoneLib", "Tutorial13 - iWear VR920\Tutorial13 - Stereo Rendering - PhoneLib.csproj", "{1D25A620-3214-41D2-BD38-DF9B5141BFD9}"
EndProject
Project("{96E2B04D-8817-42C6-938A-82C39BA4D311}") = "Tutorial13 - Stereo Rendering - PhoneLibContent", "Tutorial13 - iWear VR920\Content\Tutorial13 - Stereo Rendering - PhoneLibContent.contentproj", "{1DD611F5-54EE-43ED-BE1B-25AF00005E63}"
EndProject
Global
	GlobalSection(SolutionConfigurationPlatforms) = preSolution
		Debug|Any CPU = Debug|Any CPU
		Debug|Mixed Platforms = Debug|Mixed Platforms
		Debug|Windows Phone = Debug|Windows Phone
		Debug|x86 = Debug|x86
		Release|Any CPU = Release|Any CPU
		Release|Mixed Platforms = Release|Mixed Platforms
		Release|Windows Phone = Release|Windows Phone
		Release|x86 = Release|x86
	EndGlobalSection
	GlobalSection(ProjectConfigurationPlatforms) = postSolution
		{66C81775-8123-4649-9FCE-B0E01C74A4EF}.Debug|Any CPU.ActiveCfg = Debug|Windows Phone
		{66C81775-8123-4649-9FCE-B0E01C74A4EF}.Debug|Mixed Platforms.ActiveCfg = Debug|Windows Phone
		{66C81775-8123-4649-9FCE-B0E01C74A4EF}.Debug|Mixed Platforms.Build.0 = Debug|Windows Phone
		{66C81775-8123-4649-9FCE-B0E01C74A4EF}.Debug|Mixed Platforms.Deploy.0 = Debug|Windows Phone
		{66C81775-8123-4649-9FCE-B0E01C74A4EF}.Debug|Windows Phone.ActiveCfg = Debug|Windows Phone
		{66C81775-8123-4649-9FCE-B0E01C74A4EF}.Debug|Windows Phone.Build.0 = Debug|Windows Phone
		{66C81775-8123-4649-9FCE-B0E01C74A4EF}.Debug|Windows Phone.Deploy.0 = Debug|Windows Phone
		{66C81775-8123-4649-9FCE-B0E01C74A4EF}.Debug|x86.ActiveCfg = Debug|Windows Phone
		{66C81775-8123-4649-9FCE-B0E01C74A4EF}.Release|Any CPU.ActiveCfg = Release|Windows Phone
		{66C81775-8123-4649-9FCE-B0E01C74A4EF}.Release|Mixed Platforms.ActiveCfg = Release|Windows Phone
		{66C81775-8123-4649-9FCE-B0E01C74A4EF}.Release|Mixed Platforms.Build.0 = Release|Windows Phone
		{66C81775-8123-4649-9FCE-B0E01C74A4EF}.Release|Mixed Platforms.Deploy.0 = Release|Windows Phone
		{66C81775-8123-4649-9FCE-B0E01C74A4EF}.Release|Windows Phone.ActiveCfg = Release|Windows Phone
		{66C81775-8123-4649-9FCE-B0E01C74A4EF}.Release|Windows Phone.Build.0 = Release|Windows Phone
		{66C81775-8123-4649-9FCE-B0E01C74A4EF}.Release|Windows Phone.Deploy.0 = Release|Windows Phone
		{66C81775-8123-4649-9FCE-B0E01C74A4EF}.Release|x86.ActiveCfg = Release|Windows Phone
		{0D5E65B5-ECB7-4D22-8640-1D11927C58FF}.Debug|Any CPU.ActiveCfg = Debug|Windows Phone
		{0D5E65B5-ECB7-4D22-8640-1D11927C58FF}.Debug|Mixed Platforms.ActiveCfg = Debug|Windows Phone
		{0D5E65B5-ECB7-4D22-8640-1D11927C58FF}.Debug|Windows Phone.ActiveCfg = Debug|Windows Phone
		{0D5E65B5-ECB7-4D22-8640-1D11927C58FF}.Debug|x86.ActiveCfg = Debug|Windows Phone
		{0D5E65B5-ECB7-4D22-8640-1D11927C58FF}.Release|Any CPU.ActiveCfg = Release|Windows Phone
		{0D5E65B5-ECB7-4D22-8640-1D11927C58FF}.Release|Mixed Platforms.ActiveCfg = Release|Windows Phone
		{0D5E65B5-ECB7-4D22-8640-1D11927C58FF}.Release|Windows Phone.ActiveCfg = Release|Windows Phone
		{0D5E65B5-ECB7-4D22-8640-1D11927C58FF}.Release|x86.ActiveCfg = Release|Windows Phone
		{99523A00-EA17-4BFE-A0DB-78A6426BC2CA}.Debug|Any CPU.ActiveCfg = Debug|Windows Phone
		{99523A00-EA17-4BFE-A0DB-78A6426BC2CA}.Debug|Mixed Platforms.ActiveCfg = Debug|Windows Phone
		{99523A00-EA17-4BFE-A0DB-78A6426BC2CA}.Debug|Mixed Platforms.Build.0 = Debug|Windows Phone
		{99523A00-EA17-4BFE-A0DB-78A6426BC2CA}.Debug|Mixed Platforms.Deploy.0 = Debug|Windows Phone
		{99523A00-EA17-4BFE-A0DB-78A6426BC2CA}.Debug|Windows Phone.ActiveCfg = Debug|Windows Phone
		{99523A00-EA17-4BFE-A0DB-78A6426BC2CA}.Debug|Windows Phone.Build.0 = Debug|Windows Phone
		{99523A00-EA17-4BFE-A0DB-78A6426BC2CA}.Debug|Windows Phone.Deploy.0 = Debug|Windows Phone
		{99523A00-EA17-4BFE-A0DB-78A6426BC2CA}.Debug|x86.ActiveCfg = Debug|Windows Phone
		{99523A00-EA17-4BFE-A0DB-78A6426BC2CA}.Release|Any CPU.ActiveCfg = Release|Windows Phone
		{99523A00-EA17-4BFE-A0DB-78A6426BC2CA}.Release|Mixed Platforms.ActiveCfg = Release|Windows Phone
		{99523A00-EA17-4BFE-A0DB-78A6426BC2CA}.Release|Mixed Platforms.Build.0 = Release|Windows Phone
		{99523A00-EA17-4BFE-A0DB-78A6426BC2CA}.Release|Mixed Platforms.Deploy.0 = Release|Windows Phone
		{99523A00-EA17-4BFE-A0DB-78A6426BC2CA}.Release|Windows Phone.ActiveCfg = Release|Windows Phone
		{99523A00-EA17-4BFE-A0DB-78A6426BC2CA}.Release|Windows Phone.Build.0 = Release|Windows Phone
		{99523A00-EA17-4BFE-A0DB-78A6426BC2CA}.Release|Windows Phone.Deploy.0 = Release|Windows Phone
		{99523A00-EA17-4BFE-A0DB-78A6426BC2CA}.Release|x86.ActiveCfg = Release|Windows Phone
		{5D25771E-59F8-4CE9-8817-69CD4513DC9D}.Debug|Any CPU.ActiveCfg = Debug|Windows Phone
		{5D25771E-59F8-4CE9-8817-69CD4513DC9D}.Debug|Mixed Platforms.ActiveCfg = Debug|Windows Phone
		{5D25771E-59F8-4CE9-8817-69CD4513DC9D}.Debug|Windows Phone.ActiveCfg = Debug|Windows Phone
		{5D25771E-59F8-4CE9-8817-69CD4513DC9D}.Debug|x86.ActiveCfg = Debug|Windows Phone
		{5D25771E-59F8-4CE9-8817-69CD4513DC9D}.Release|Any CPU.ActiveCfg = Release|Windows Phone
		{5D25771E-59F8-4CE9-8817-69CD4513DC9D}.Release|Mixed Platforms.ActiveCfg = Release|Windows Phone
		{5D25771E-59F8-4CE9-8817-69CD4513DC9D}.Release|Windows Phone.ActiveCfg = Release|Windows Phone
		{5D25771E-59F8-4CE9-8817-69CD4513DC9D}.Release|x86.ActiveCfg = Release|Windows Phone
		{5F13CB0F-FE04-4BB6-8745-D477491B9EC4}.Debug|Any CPU.ActiveCfg = Debug|Windows Phone
		{5F13CB0F-FE04-4BB6-8745-D477491B9EC4}.Debug|Mixed Platforms.ActiveCfg = Debug|Windows Phone
		{5F13CB0F-FE04-4BB6-8745-D477491B9EC4}.Debug|Mixed Platforms.Build.0 = Debug|Windows Phone
		{5F13CB0F-FE04-4BB6-8745-D477491B9EC4}.Debug|Mixed Platforms.Deploy.0 = Debug|Windows Phone
		{5F13CB0F-FE04-4BB6-8745-D477491B9EC4}.Debug|Windows Phone.ActiveCfg = Debug|Windows Phone
		{5F13CB0F-FE04-4BB6-8745-D477491B9EC4}.Debug|Windows Phone.Build.0 = Debug|Windows Phone
		{5F13CB0F-FE04-4BB6-8745-D477491B9EC4}.Debug|Windows Phone.Deploy.0 = Debug|Windows Phone
		{5F13CB0F-FE04-4BB6-8745-D477491B9EC4}.Debug|x86.ActiveCfg = Debug|Windows Phone
		{5F13CB0F-FE04-4BB6-8745-D477491B9EC4}.Release|Any CPU.ActiveCfg = Release|Windows Phone
		{5F13CB0F-FE04-4BB6-8745-D477491B9EC4}.Release|Mixed Platforms.ActiveCfg = Release|Windows Phone
		{5F13CB0F-FE04-4BB6-8745-D477491B9EC4}.Release|Mixed Platforms.Build.0 = Release|Windows Phone
		{5F13CB0F-FE04-4BB6-8745-D477491B9EC4}.Release|Mixed Platforms.Deploy.0 = Release|Windows Phone
		{5F13CB0F-FE04-4BB6-8745-D477491B9EC4}.Release|Windows Phone.ActiveCfg = Release|Windows Phone
		{5F13CB0F-FE04-4BB6-8745-D477491B9EC4}.Release|Windows Phone.Build.0 = Release|Windows Phone
		{5F13CB0F-FE04-4BB6-8745-D477491B9EC4}.Release|Windows Phone.Deploy.0 = Release|Windows Phone
		{5F13CB0F-FE04-4BB6-8745-D477491B9EC4}.Release|x86.ActiveCfg = Release|Windows Phone
		{3DC8C83D-E429-44C5-9F48-2B9A0CA2B2B8}.Debug|Any CPU.ActiveCfg = Debug|Windows Phone
		{3DC8C83D-E429-44C5-9F48-2B9A0CA2B2B8}.Debug|Mixed Platforms.ActiveCfg = Debug|Windows Phone
		{3DC8C83D-E429-44C5-9F48-2B9A0CA2B2B8}.Debug|Windows Phone.ActiveCfg = Debug|Windows Phone
		{3DC8C83D-E429-44C5-9F48-2B9A0CA2B2B8}.Debug|x86.ActiveCfg = Debug|Windows Phone
		{3DC8C83D-E429-44C5-9F48-2B9A0CA2B2B8}.Release|Any CPU.ActiveCfg = Release|Windows Phone
		{3DC8C83D-E429-44C5-9F48-2B9A0CA2B2B8}.Release|Mixed Platforms.ActiveCfg = Release|Windows Phone
		{3DC8C83D-E429-44C5-9F48-2B9A0CA2B2B8}.Release|Windows Phone.ActiveCfg = Release|Windows Phone
		{3DC8C83D-E429-44C5-9F48-2B9A0CA2B2B8}.Release|x86.ActiveCfg = Release|Windows Phone
		{7B2F0C8E-9746-4E21-9345-59AB24B79ED6}.Debug|Any CPU.ActiveCfg = Debug|Windows Phone
		{7B2F0C8E-9746-4E21-9345-59AB24B79ED6}.Debug|Mixed Platforms.ActiveCfg = Debug|Windows Phone
		{7B2F0C8E-9746-4E21-9345-59AB24B79ED6}.Debug|Mixed Platforms.Build.0 = Debug|Windows Phone
		{7B2F0C8E-9746-4E21-9345-59AB24B79ED6}.Debug|Mixed Platforms.Deploy.0 = Debug|Windows Phone
		{7B2F0C8E-9746-4E21-9345-59AB24B79ED6}.Debug|Windows Phone.ActiveCfg = Debug|Windows Phone
		{7B2F0C8E-9746-4E21-9345-59AB24B79ED6}.Debug|Windows Phone.Build.0 = Debug|Windows Phone
		{7B2F0C8E-9746-4E21-9345-59AB24B79ED6}.Debug|Windows Phone.Deploy.0 = Debug|Windows Phone
		{7B2F0C8E-9746-4E21-9345-59AB24B79ED6}.Debug|x86.ActiveCfg = Debug|Windows Phone
		{7B2F0C8E-9746-4E21-9345-59AB24B79ED6}.Release|Any CPU.ActiveCfg = Release|Windows Phone
		{7B2F0C8E-9746-4E21-9345-59AB24B79ED6}.Release|Mixed Platforms.ActiveCfg = Release|Windows Phone
		{7B2F0C8E-9746-4E21-9345-59AB24B79ED6}.Release|Mixed Platforms.Build.0 = Release|Windows Phone
		{7B2F0C8E-9746-4E21-9345-59AB24B79ED6}.Release|Mixed Platforms.Deploy.0 = Release|Windows Phone
		{7B2F0C8E-9746-4E21-9345-59AB24B79ED6}.Release|Windows Phone.ActiveCfg = Release|Windows Phone
		{7B2F0C8E-9746-4E21-9345-59AB24B79ED6}.Release|Windows Phone.Build.0 = Release|Windows Phone
		{7B2F0C8E-9746-4E21-9345-59AB24B79ED6}.Release|Windows Phone.Deploy.0 = Release|Windows Phone
		{7B2F0C8E-9746-4E21-9345-59AB24B79ED6}.Release|x86.ActiveCfg = Release|Windows Phone
		{420B7BE4-5BB0-4E70-A0FD-ADBABE913D6E}.Debug|Any CPU.ActiveCfg = Debug|Windows Phone
		{420B7BE4-5BB0-4E70-A0FD-ADBABE913D6E}.Debug|Mixed Platforms.ActiveCfg = Debug|Windows Phone
		{420B7BE4-5BB0-4E70-A0FD-ADBABE913D6E}.Debug|Windows Phone.ActiveCfg = Debug|Windows Phone
		{420B7BE4-5BB0-4E70-A0FD-ADBABE913D6E}.Debug|x86.ActiveCfg = Debug|Windows Phone
		{420B7BE4-5BB0-4E70-A0FD-ADBABE913D6E}.Release|Any CPU.ActiveCfg = Release|Windows Phone
		{420B7BE4-5BB0-4E70-A0FD-ADBABE913D6E}.Release|Mixed Platforms.ActiveCfg = Release|Windows Phone
		{420B7BE4-5BB0-4E70-A0FD-ADBABE913D6E}.Release|Windows Phone.ActiveCfg = Release|Windows Phone
		{420B7BE4-5BB0-4E70-A0FD-ADBABE913D6E}.Release|x86.ActiveCfg = Release|Windows Phone
		{F53FB6C8-6F04-4640-AB20-8A7EB7542B4F}.Debug|Any CPU.ActiveCfg = Debug|Windows Phone
		{F53FB6C8-6F04-4640-AB20-8A7EB7542B4F}.Debug|Mixed Platforms.ActiveCfg = Debug|Windows Phone
		{F53FB6C8-6F04-4640-AB20-8A7EB7542B4F}.Debug|Mixed Platforms.Build.0 = Debug|Windows Phone
		{F53FB6C8-6F04-4640-AB20-8A7EB7542B4F}.Debug|Mixed Platforms.Deploy.0 = Debug|Windows Phone
		{F53FB6C8-6F04-4640-AB20-8A7EB7542B4F}.Debug|Windows Phone.ActiveCfg = Debug|Windows Phone
		{F53FB6C8-6F04-4640-AB20-8A7EB7542B4F}.Debug|Windows Phone.Build.0 = Debug|Windows Phone
		{F53FB6C8-6F04-4640-AB20-8A7EB7542B4F}.Debug|Windows Phone.Deploy.0 = Debug|Windows Phone
		{F53FB6C8-6F04-4640-AB20-8A7EB7542B4F}.Debug|x86.ActiveCfg = Debug|Windows Phone
		{F53FB6C8-6F04-4640-AB20-8A7EB7542B4F}.Release|Any CPU.ActiveCfg = Release|Windows Phone
		{F53FB6C8-6F04-4640-AB20-8A7EB7542B4F}.Release|Mixed Platforms.ActiveCfg = Release|Windows Phone
		{F53FB6C8-6F04-4640-AB20-8A7EB7542B4F}.Release|Mixed Platforms.Build.0 = Release|Windows Phone
		{F53FB6C8-6F04-4640-AB20-8A7EB7542B4F}.Release|Mixed Platforms.Deploy.0 = Release|Windows Phone
		{F53FB6C8-6F04-4640-AB20-8A7EB7542B4F}.Release|Windows Phone.ActiveCfg = Release|Windows Phone
		{F53FB6C8-6F04-4640-AB20-8A7EB7542B4F}.Release|Windows Phone.Build.0 = Release|Windows Phone
		{F53FB6C8-6F04-4640-AB20-8A7EB7542B4F}.Release|Windows Phone.Deploy.0 = Release|Windows Phone
		{F53FB6C8-6F04-4640-AB20-8A7EB7542B4F}.Release|x86.ActiveCfg = Release|Windows Phone
		{E8D25D8B-7303-4DB8-9AE8-DC866ADBBE52}.Debug|Any CPU.ActiveCfg = Debug|Windows Phone
		{E8D25D8B-7303-4DB8-9AE8-DC866ADBBE52}.Debug|Mixed Platforms.ActiveCfg = Debug|Windows Phone
		{E8D25D8B-7303-4DB8-9AE8-DC866ADBBE52}.Debug|Windows Phone.ActiveCfg = Debug|Windows Phone
		{E8D25D8B-7303-4DB8-9AE8-DC866ADBBE52}.Debug|x86.ActiveCfg = Debug|Windows Phone
		{E8D25D8B-7303-4DB8-9AE8-DC866ADBBE52}.Release|Any CPU.ActiveCfg = Release|Windows Phone
		{E8D25D8B-7303-4DB8-9AE8-DC866ADBBE52}.Release|Mixed Platforms.ActiveCfg = Release|Windows Phone
		{E8D25D8B-7303-4DB8-9AE8-DC866ADBBE52}.Release|Windows Phone.ActiveCfg = Release|Windows Phone
		{E8D25D8B-7303-4DB8-9AE8-DC866ADBBE52}.Release|x86.ActiveCfg = Release|Windows Phone
		{5D0DBE30-2C5F-48C2-A104-F63CF9F412F9}.Debug|Any CPU.ActiveCfg = Debug|Windows Phone
		{5D0DBE30-2C5F-48C2-A104-F63CF9F412F9}.Debug|Mixed Platforms.ActiveCfg = Debug|Windows Phone
		{5D0DBE30-2C5F-48C2-A104-F63CF9F412F9}.Debug|Mixed Platforms.Build.0 = Debug|Windows Phone
		{5D0DBE30-2C5F-48C2-A104-F63CF9F412F9}.Debug|Mixed Platforms.Deploy.0 = Debug|Windows Phone
		{5D0DBE30-2C5F-48C2-A104-F63CF9F412F9}.Debug|Windows Phone.ActiveCfg = Debug|Windows Phone
		{5D0DBE30-2C5F-48C2-A104-F63CF9F412F9}.Debug|Windows Phone.Build.0 = Debug|Windows Phone
		{5D0DBE30-2C5F-48C2-A104-F63CF9F412F9}.Debug|Windows Phone.Deploy.0 = Debug|Windows Phone
		{5D0DBE30-2C5F-48C2-A104-F63CF9F412F9}.Debug|x86.ActiveCfg = Debug|Windows Phone
		{5D0DBE30-2C5F-48C2-A104-F63CF9F412F9}.Release|Any CPU.ActiveCfg = Release|Windows Phone
		{5D0DBE30-2C5F-48C2-A104-F63CF9F412F9}.Release|Mixed Platforms.ActiveCfg = Release|Windows Phone
		{5D0DBE30-2C5F-48C2-A104-F63CF9F412F9}.Release|Mixed Platforms.Build.0 = Release|Windows Phone
		{5D0DBE30-2C5F-48C2-A104-F63CF9F412F9}.Release|Mixed Platforms.Deploy.0 = Release|Windows Phone
		{5D0DBE30-2C5F-48C2-A104-F63CF9F412F9}.Release|Windows Phone.ActiveCfg = Release|Windows Phone
		{5D0DBE30-2C5F-48C2-A104-F63CF9F412F9}.Release|Windows Phone.Build.0 = Release|Windows Phone
		{5D0DBE30-2C5F-48C2-A104-F63CF9F412F9}.Release|Windows Phone.Deploy.0 = Release|Windows Phone
		{5D0DBE30-2C5F-48C2-A104-F63CF9F412F9}.Release|x86.ActiveCfg = Release|Windows Phone
		{6ECF2DF8-E4EE-4AC9-9200-A00D7D6377D4}.Debug|Any CPU.ActiveCfg = Debug|Windows Phone
		{6ECF2DF8-E4EE-4AC9-9200-A00D7D6377D4}.Debug|Mixed Platforms.ActiveCfg = Debug|Windows Phone
		{6ECF2DF8-E4EE-4AC9-9200-A00D7D6377D4}.Debug|Windows Phone.ActiveCfg = Debug|Windows Phone
		{6ECF2DF8-E4EE-4AC9-9200-A00D7D6377D4}.Debug|x86.ActiveCfg = Debug|Windows Phone
		{6ECF2DF8-E4EE-4AC9-9200-A00D7D6377D4}.Release|Any CPU.ActiveCfg = Release|Windows Phone
		{6ECF2DF8-E4EE-4AC9-9200-A00D7D6377D4}.Release|Mixed Platforms.ActiveCfg = Release|Windows Phone
		{6ECF2DF8-E4EE-4AC9-9200-A00D7D6377D4}.Release|Windows Phone.ActiveCfg = Release|Windows Phone
		{6ECF2DF8-E4EE-4AC9-9200-A00D7D6377D4}.Release|x86.ActiveCfg = Release|Windows Phone
		{70B334BA-10A5-4812-9492-B176DF5F2BD4}.Debug|Any CPU.ActiveCfg = Debug|Windows Phone
		{70B334BA-10A5-4812-9492-B176DF5F2BD4}.Debug|Mixed Platforms.ActiveCfg = Debug|Windows Phone
		{70B334BA-10A5-4812-9492-B176DF5F2BD4}.Debug|Mixed Platforms.Build.0 = Debug|Windows Phone
		{70B334BA-10A5-4812-9492-B176DF5F2BD4}.Debug|Mixed Platforms.Deploy.0 = Debug|Windows Phone
		{70B334BA-10A5-4812-9492-B176DF5F2BD4}.Debug|Windows Phone.ActiveCfg = Debug|Windows Phone
		{70B334BA-10A5-4812-9492-B176DF5F2BD4}.Debug|Windows Phone.Build.0 = Debug|Windows Phone
		{70B334BA-10A5-4812-9492-B176DF5F2BD4}.Debug|Windows Phone.Deploy.0 = Debug|Windows Phone
		{70B334BA-10A5-4812-9492-B176DF5F2BD4}.Debug|x86.ActiveCfg = Debug|Windows Phone
		{70B334BA-10A5-4812-9492-B176DF5F2BD4}.Release|Any CPU.ActiveCfg = Release|Windows Phone
		{70B334BA-10A5-4812-9492-B176DF5F2BD4}.Release|Mixed Platforms.ActiveCfg = Release|Windows Phone
		{70B334BA-10A5-4812-9492-B176DF5F2BD4}.Release|Mixed Platforms.Build.0 = Release|Windows Phone
		{70B334BA-10A5-4812-9492-B176DF5F2BD4}.Release|Mixed Platforms.Deploy.0 = Release|Windows Phone
		{70B334BA-10A5-4812-9492-B176DF5F2BD4}.Release|Windows Phone.ActiveCfg = Release|Windows Phone
		{70B334BA-10A5-4812-9492-B176DF5F2BD4}.Release|Windows Phone.Build.0 = Release|Windows Phone
		{70B334BA-10A5-4812-9492-B176DF5F2BD4}.Release|Windows Phone.Deploy.0 = Release|Windows Phone
		{70B334BA-10A5-4812-9492-B176DF5F2BD4}.Release|x86.ActiveCfg = Release|Windows Phone
		{A384B18D-A02E-42A1-9BA8-5CD152D8E3E1}.Debug|Any CPU.ActiveCfg = Debug|Windows Phone
		{A384B18D-A02E-42A1-9BA8-5CD152D8E3E1}.Debug|Mixed Platforms.ActiveCfg = Debug|Windows Phone
		{A384B18D-A02E-42A1-9BA8-5CD152D8E3E1}.Debug|Windows Phone.ActiveCfg = Debug|Windows Phone
		{A384B18D-A02E-42A1-9BA8-5CD152D8E3E1}.Debug|x86.ActiveCfg = Debug|Windows Phone
		{A384B18D-A02E-42A1-9BA8-5CD152D8E3E1}.Release|Any CPU.ActiveCfg = Release|Windows Phone
		{A384B18D-A02E-42A1-9BA8-5CD152D8E3E1}.Release|Mixed Platforms.ActiveCfg = Release|Windows Phone
		{A384B18D-A02E-42A1-9BA8-5CD152D8E3E1}.Release|Windows Phone.ActiveCfg = Release|Windows Phone
		{A384B18D-A02E-42A1-9BA8-5CD152D8E3E1}.Release|x86.ActiveCfg = Release|Windows Phone
		{2C9E90A5-F40B-4A1B-A5FA-62F77416C51E}.Debug|Any CPU.ActiveCfg = Debug|Windows Phone
		{2C9E90A5-F40B-4A1B-A5FA-62F77416C51E}.Debug|Mixed Platforms.ActiveCfg = Debug|Windows Phone
		{2C9E90A5-F40B-4A1B-A5FA-62F77416C51E}.Debug|Mixed Platforms.Build.0 = Debug|Windows Phone
		{2C9E90A5-F40B-4A1B-A5FA-62F77416C51E}.Debug|Windows Phone.ActiveCfg = Debug|Windows Phone
		{2C9E90A5-F40B-4A1B-A5FA-62F77416C51E}.Debug|Windows Phone.Build.0 = Debug|Windows Phone
		{2C9E90A5-F40B-4A1B-A5FA-62F77416C51E}.Debug|x86.ActiveCfg = Debug|Windows Phone
		{2C9E90A5-F40B-4A1B-A5FA-62F77416C51E}.Release|Any CPU.ActiveCfg = Release|Windows Phone
		{2C9E90A5-F40B-4A1B-A5FA-62F77416C51E}.Release|Mixed Platforms.ActiveCfg = Release|Windows Phone
		{2C9E90A5-F40B-4A1B-A5FA-62F77416C51E}.Release|Mixed Platforms.Build.0 = Release|Windows Phone
		{2C9E90A5-F40B-4A1B-A5FA-62F77416C51E}.Release|Windows Phone.ActiveCfg = Release|Windows Phone
		{2C9E90A5-F40B-4A1B-A5FA-62F77416C51E}.Release|Windows Phone.Build.0 = Release|Windows Phone
		{2C9E90A5-F40B-4A1B-A5FA-62F77416C51E}.Release|x86.ActiveCfg = Release|Windows Phone
		{A0EB67FD-310F-4733-86FD-248B75E24682}.Debug|Any CPU.ActiveCfg = Debug|x86
		{A0EB67FD-310F-4733-86FD-248B75E24682}.Debug|Mixed Platforms.ActiveCfg = Debug|x86
		{A0EB67FD-310F-4733-86FD-248B75E24682}.Debug|Mixed Platforms.Build.0 = Debug|x86
		{A0EB67FD-310F-4733-86FD-248B75E24682}.Debug|Windows Phone.ActiveCfg = Debug|x86
		{A0EB67FD-310F-4733-86FD-248B75E24682}.Debug|Windows Phone.Build.0 = Debug|x86
		{A0EB67FD-310F-4733-86FD-248B75E24682}.Debug|x86.ActiveCfg = Debug|x86
		{A0EB67FD-310F-4733-86FD-248B75E24682}.Debug|x86.Build.0 = Debug|x86
		{A0EB67FD-310F-4733-86FD-248B75E24682}.Release|Any CPU.ActiveCfg = Release|x86
		{A0EB67FD-310F-4733-86FD-248B75E24682}.Release|Mixed Platforms.ActiveCfg = Release|x86
		{A0EB67FD-310F-4733-86FD-248B75E24682}.Release|Mixed Platforms.Build.0 = Release|x86
		{A0EB67FD-310F-4733-86FD-248B75E24682}.Release|Windows Phone.ActiveCfg = Release|x86
		{A0EB67FD-310F-4733-86FD-248B75E24682}.Release|Windows Phone.Build.0 = Release|x86
		{A0EB67FD-310F-4733-86FD-248B75E24682}.Release|x86.ActiveCfg = Release|x86
		{A0EB67FD-310F-4733-86FD-248B75E24682}.Release|x86.Build.0 = Release|x86
		{00CCEC57-8542-406C-A541-6A079D4FAAC4}.Debug|Any CPU.ActiveCfg = Debug|Windows Phone
		{00CCEC57-8542-406C-A541-6A079D4FAAC4}.Debug|Mixed Platforms.ActiveCfg = Debug|Windows Phone
		{00CCEC57-8542-406C-A541-6A079D4FAAC4}.Debug|Mixed Platforms.Build.0 = Debug|Windows Phone
		{00CCEC57-8542-406C-A541-6A079D4FAAC4}.Debug|Mixed Platforms.Deploy.0 = Debug|Windows Phone
		{00CCEC57-8542-406C-A541-6A079D4FAAC4}.Debug|Windows Phone.ActiveCfg = Debug|Windows Phone
		{00CCEC57-8542-406C-A541-6A079D4FAAC4}.Debug|Windows Phone.Build.0 = Debug|Windows Phone
		{00CCEC57-8542-406C-A541-6A079D4FAAC4}.Debug|Windows Phone.Deploy.0 = Debug|Windows Phone
		{00CCEC57-8542-406C-A541-6A079D4FAAC4}.Debug|x86.ActiveCfg = Debug|Windows Phone
		{00CCEC57-8542-406C-A541-6A079D4FAAC4}.Release|Any CPU.ActiveCfg = Release|Windows Phone
		{00CCEC57-8542-406C-A541-6A079D4FAAC4}.Release|Mixed Platforms.ActiveCfg = Release|Windows Phone
		{00CCEC57-8542-406C-A541-6A079D4FAAC4}.Release|Mixed Platforms.Build.0 = Release|Windows Phone
		{00CCEC57-8542-406C-A541-6A079D4FAAC4}.Release|Mixed Platforms.Deploy.0 = Release|Windows Phone
		{00CCEC57-8542-406C-A541-6A079D4FAAC4}.Release|Windows Phone.ActiveCfg = Release|Windows Phone
		{00CCEC57-8542-406C-A541-6A079D4FAAC4}.Release|Windows Phone.Build.0 = Release|Windows Phone
		{00CCEC57-8542-406C-A541-6A079D4FAAC4}.Release|Windows Phone.Deploy.0 = Release|Windows Phone
		{00CCEC57-8542-406C-A541-6A079D4FAAC4}.Release|x86.ActiveCfg = Release|Windows Phone
		{C51E4BB3-0E43-41F0-8F23-0429608B28B3}.Debug|Any CPU.ActiveCfg = Debug|Windows Phone
		{C51E4BB3-0E43-41F0-8F23-0429608B28B3}.Debug|Mixed Platforms.ActiveCfg = Debug|Windows Phone
		{C51E4BB3-0E43-41F0-8F23-0429608B28B3}.Debug|Windows Phone.ActiveCfg = Debug|Windows Phone
		{C51E4BB3-0E43-41F0-8F23-0429608B28B3}.Debug|x86.ActiveCfg = Debug|Windows Phone
		{C51E4BB3-0E43-41F0-8F23-0429608B28B3}.Release|Any CPU.ActiveCfg = Release|Windows Phone
		{C51E4BB3-0E43-41F0-8F23-0429608B28B3}.Release|Mixed Platforms.ActiveCfg = Release|Windows Phone
		{C51E4BB3-0E43-41F0-8F23-0429608B28B3}.Release|Windows Phone.ActiveCfg = Release|Windows Phone
		{C51E4BB3-0E43-41F0-8F23-0429608B28B3}.Release|x86.ActiveCfg = Release|Windows Phone
		{5E3FD049-F944-4F02-B4AF-D411167FDC52}.Debug|Any CPU.ActiveCfg = Debug|Windows Phone
		{5E3FD049-F944-4F02-B4AF-D411167FDC52}.Debug|Mixed Platforms.ActiveCfg = Debug|Windows Phone
		{5E3FD049-F944-4F02-B4AF-D411167FDC52}.Debug|Mixed Platforms.Build.0 = Debug|Windows Phone
		{5E3FD049-F944-4F02-B4AF-D411167FDC52}.Debug|Mixed Platforms.Deploy.0 = Debug|Windows Phone
		{5E3FD049-F944-4F02-B4AF-D411167FDC52}.Debug|Windows Phone.ActiveCfg = Debug|Windows Phone
		{5E3FD049-F944-4F02-B4AF-D411167FDC52}.Debug|Windows Phone.Build.0 = Debug|Windows Phone
		{5E3FD049-F944-4F02-B4AF-D411167FDC52}.Debug|Windows Phone.Deploy.0 = Debug|Windows Phone
		{5E3FD049-F944-4F02-B4AF-D411167FDC52}.Debug|x86.ActiveCfg = Debug|Windows Phone
		{5E3FD049-F944-4F02-B4AF-D411167FDC52}.Release|Any CPU.ActiveCfg = Release|Windows Phone
		{5E3FD049-F944-4F02-B4AF-D411167FDC52}.Release|Mixed Platforms.ActiveCfg = Release|Windows Phone
		{5E3FD049-F944-4F02-B4AF-D411167FDC52}.Release|Mixed Platforms.Build.0 = Release|Windows Phone
		{5E3FD049-F944-4F02-B4AF-D411167FDC52}.Release|Mixed Platforms.Deploy.0 = Release|Windows Phone
		{5E3FD049-F944-4F02-B4AF-D411167FDC52}.Release|Windows Phone.ActiveCfg = Release|Windows Phone
		{5E3FD049-F944-4F02-B4AF-D411167FDC52}.Release|Windows Phone.Build.0 = Release|Windows Phone
		{5E3FD049-F944-4F02-B4AF-D411167FDC52}.Release|Windows Phone.Deploy.0 = Release|Windows Phone
		{5E3FD049-F944-4F02-B4AF-D411167FDC52}.Release|x86.ActiveCfg = Release|Windows Phone
		{EEE35510-EAEB-49F0-B1DD-0AC3EE4AC68B}.Debug|Any CPU.ActiveCfg = Debug|Windows Phone
		{EEE35510-EAEB-49F0-B1DD-0AC3EE4AC68B}.Debug|Mixed Platforms.ActiveCfg = Debug|Windows Phone
		{EEE35510-EAEB-49F0-B1DD-0AC3EE4AC68B}.Debug|Windows Phone.ActiveCfg = Debug|Windows Phone
		{EEE35510-EAEB-49F0-B1DD-0AC3EE4AC68B}.Debug|x86.ActiveCfg = Debug|Windows Phone
		{EEE35510-EAEB-49F0-B1DD-0AC3EE4AC68B}.Release|Any CPU.ActiveCfg = Release|Windows Phone
		{EEE35510-EAEB-49F0-B1DD-0AC3EE4AC68B}.Release|Mixed Platforms.ActiveCfg = Release|Windows Phone
		{EEE35510-EAEB-49F0-B1DD-0AC3EE4AC68B}.Release|Windows Phone.ActiveCfg = Release|Windows Phone
		{EEE35510-EAEB-49F0-B1DD-0AC3EE4AC68B}.Release|x86.ActiveCfg = Release|Windows Phone
		{C45849B3-D344-4BEA-BF26-890D1F6A5202}.Debug|Any CPU.ActiveCfg = Debug|Any CPU
		{C45849B3-D344-4BEA-BF26-890D1F6A5202}.Debug|Any CPU.Build.0 = Debug|Any CPU
		{C45849B3-D344-4BEA-BF26-890D1F6A5202}.Debug|Any CPU.Deploy.0 = Debug|Any CPU
		{C45849B3-D344-4BEA-BF26-890D1F6A5202}.Debug|Mixed Platforms.ActiveCfg = Debug|Any CPU
		{C45849B3-D344-4BEA-BF26-890D1F6A5202}.Debug|Mixed Platforms.Build.0 = Debug|Any CPU
		{C45849B3-D344-4BEA-BF26-890D1F6A5202}.Debug|Mixed Platforms.Deploy.0 = Debug|Any CPU
		{C45849B3-D344-4BEA-BF26-890D1F6A5202}.Debug|Windows Phone.ActiveCfg = Debug|Any CPU
		{C45849B3-D344-4BEA-BF26-890D1F6A5202}.Debug|Windows Phone.Build.0 = Debug|Any CPU
		{C45849B3-D344-4BEA-BF26-890D1F6A5202}.Debug|Windows Phone.Deploy.0 = Debug|Any CPU
		{C45849B3-D344-4BEA-BF26-890D1F6A5202}.Debug|x86.ActiveCfg = Debug|Any CPU
		{C45849B3-D344-4BEA-BF26-890D1F6A5202}.Release|Any CPU.ActiveCfg = Release|Any CPU
		{C45849B3-D344-4BEA-BF26-890D1F6A5202}.Release|Any CPU.Build.0 = Release|Any CPU
		{C45849B3-D344-4BEA-BF26-890D1F6A5202}.Release|Any CPU.Deploy.0 = Release|Any CPU
		{C45849B3-D344-4BEA-BF26-890D1F6A5202}.Release|Mixed Platforms.ActiveCfg = Release|Any CPU
		{C45849B3-D344-4BEA-BF26-890D1F6A5202}.Release|Mixed Platforms.Build.0 = Release|Any CPU
		{C45849B3-D344-4BEA-BF26-890D1F6A5202}.Release|Mixed Platforms.Deploy.0 = Release|Any CPU
		{C45849B3-D344-4BEA-BF26-890D1F6A5202}.Release|Windows Phone.ActiveCfg = Release|Any CPU
		{C45849B3-D344-4BEA-BF26-890D1F6A5202}.Release|x86.ActiveCfg = Release|Any CPU
		{4D06C9D8-33C0-4DF4-82E3-7CD29FE7BC89}.Debug|Any CPU.ActiveCfg = Debug|Windows Phone
		{4D06C9D8-33C0-4DF4-82E3-7CD29FE7BC89}.Debug|Mixed Platforms.ActiveCfg = Debug|Windows Phone
		{4D06C9D8-33C0-4DF4-82E3-7CD29FE7BC89}.Debug|Mixed Platforms.Build.0 = Debug|Windows Phone
		{4D06C9D8-33C0-4DF4-82E3-7CD29FE7BC89}.Debug|Windows Phone.ActiveCfg = Debug|Windows Phone
		{4D06C9D8-33C0-4DF4-82E3-7CD29FE7BC89}.Debug|Windows Phone.Build.0 = Debug|Windows Phone
		{4D06C9D8-33C0-4DF4-82E3-7CD29FE7BC89}.Debug|x86.ActiveCfg = Debug|Windows Phone
		{4D06C9D8-33C0-4DF4-82E3-7CD29FE7BC89}.Release|Any CPU.ActiveCfg = Release|Windows Phone
		{4D06C9D8-33C0-4DF4-82E3-7CD29FE7BC89}.Release|Mixed Platforms.ActiveCfg = Release|Windows Phone
		{4D06C9D8-33C0-4DF4-82E3-7CD29FE7BC89}.Release|Mixed Platforms.Build.0 = Release|Windows Phone
		{4D06C9D8-33C0-4DF4-82E3-7CD29FE7BC89}.Release|Windows Phone.ActiveCfg = Release|Windows Phone
		{4D06C9D8-33C0-4DF4-82E3-7CD29FE7BC89}.Release|Windows Phone.Build.0 = Release|Windows Phone
		{4D06C9D8-33C0-4DF4-82E3-7CD29FE7BC89}.Release|x86.ActiveCfg = Release|Windows Phone
		{5D6CF3FC-3284-40C3-A428-2B5A03BCB208}.Debug|Any CPU.ActiveCfg = Debug|Windows Phone
		{5D6CF3FC-3284-40C3-A428-2B5A03BCB208}.Debug|Mixed Platforms.ActiveCfg = Debug|Windows Phone
		{5D6CF3FC-3284-40C3-A428-2B5A03BCB208}.Debug|Windows Phone.ActiveCfg = Debug|Windows Phone
		{5D6CF3FC-3284-40C3-A428-2B5A03BCB208}.Debug|x86.ActiveCfg = Debug|Windows Phone
		{5D6CF3FC-3284-40C3-A428-2B5A03BCB208}.Release|Any CPU.ActiveCfg = Release|Windows Phone
		{5D6CF3FC-3284-40C3-A428-2B5A03BCB208}.Release|Mixed Platforms.ActiveCfg = Release|Windows Phone
		{5D6CF3FC-3284-40C3-A428-2B5A03BCB208}.Release|Windows Phone.ActiveCfg = Release|Windows Phone
		{5D6CF3FC-3284-40C3-A428-2B5A03BCB208}.Release|x86.ActiveCfg = Release|Windows Phone
		{F4C527DE-EC90-4EFC-972F-C40E4EF4281C}.Debug|Any CPU.ActiveCfg = Debug|Any CPU
		{F4C527DE-EC90-4EFC-972F-C40E4EF4281C}.Debug|Any CPU.Build.0 = Debug|Any CPU
		{F4C527DE-EC90-4EFC-972F-C40E4EF4281C}.Debug|Any CPU.Deploy.0 = Debug|Any CPU
		{F4C527DE-EC90-4EFC-972F-C40E4EF4281C}.Debug|Mixed Platforms.ActiveCfg = Debug|Any CPU
		{F4C527DE-EC90-4EFC-972F-C40E4EF4281C}.Debug|Mixed Platforms.Build.0 = Debug|Any CPU
		{F4C527DE-EC90-4EFC-972F-C40E4EF4281C}.Debug|Mixed Platforms.Deploy.0 = Debug|Any CPU
		{F4C527DE-EC90-4EFC-972F-C40E4EF4281C}.Debug|Windows Phone.ActiveCfg = Debug|Any CPU
		{F4C527DE-EC90-4EFC-972F-C40E4EF4281C}.Debug|x86.ActiveCfg = Debug|Any CPU
		{F4C527DE-EC90-4EFC-972F-C40E4EF4281C}.Release|Any CPU.ActiveCfg = Release|Any CPU
		{F4C527DE-EC90-4EFC-972F-C40E4EF4281C}.Release|Any CPU.Build.0 = Release|Any CPU
		{F4C527DE-EC90-4EFC-972F-C40E4EF4281C}.Release|Any CPU.Deploy.0 = Release|Any CPU
		{F4C527DE-EC90-4EFC-972F-C40E4EF4281C}.Release|Mixed Platforms.ActiveCfg = Release|Any CPU
		{F4C527DE-EC90-4EFC-972F-C40E4EF4281C}.Release|Mixed Platforms.Build.0 = Release|Any CPU
		{F4C527DE-EC90-4EFC-972F-C40E4EF4281C}.Release|Mixed Platforms.Deploy.0 = Release|Any CPU
		{F4C527DE-EC90-4EFC-972F-C40E4EF4281C}.Release|Windows Phone.ActiveCfg = Release|Any CPU
		{F4C527DE-EC90-4EFC-972F-C40E4EF4281C}.Release|x86.ActiveCfg = Release|Any CPU
		{C2567CFE-B6FA-4DBD-8551-890B28EFD024}.Debug|Any CPU.ActiveCfg = Debug|Windows Phone
		{C2567CFE-B6FA-4DBD-8551-890B28EFD024}.Debug|Mixed Platforms.ActiveCfg = Debug|Windows Phone
		{C2567CFE-B6FA-4DBD-8551-890B28EFD024}.Debug|Mixed Platforms.Build.0 = Debug|Windows Phone
		{C2567CFE-B6FA-4DBD-8551-890B28EFD024}.Debug|Windows Phone.ActiveCfg = Debug|Windows Phone
		{C2567CFE-B6FA-4DBD-8551-890B28EFD024}.Debug|Windows Phone.Build.0 = Debug|Windows Phone
		{C2567CFE-B6FA-4DBD-8551-890B28EFD024}.Debug|x86.ActiveCfg = Debug|Windows Phone
		{C2567CFE-B6FA-4DBD-8551-890B28EFD024}.Release|Any CPU.ActiveCfg = Release|Windows Phone
		{C2567CFE-B6FA-4DBD-8551-890B28EFD024}.Release|Mixed Platforms.ActiveCfg = Release|Windows Phone
		{C2567CFE-B6FA-4DBD-8551-890B28EFD024}.Release|Mixed Platforms.Build.0 = Release|Windows Phone
		{C2567CFE-B6FA-4DBD-8551-890B28EFD024}.Release|Windows Phone.ActiveCfg = Release|Windows Phone
		{C2567CFE-B6FA-4DBD-8551-890B28EFD024}.Release|Windows Phone.Build.0 = Release|Windows Phone
		{C2567CFE-B6FA-4DBD-8551-890B28EFD024}.Release|x86.ActiveCfg = Release|Windows Phone
		{628AC209-07F2-4201-A97D-E7071A7BB51A}.Debug|Any CPU.ActiveCfg = Debug|Windows Phone
		{628AC209-07F2-4201-A97D-E7071A7BB51A}.Debug|Mixed Platforms.ActiveCfg = Debug|Windows Phone
		{628AC209-07F2-4201-A97D-E7071A7BB51A}.Debug|Windows Phone.ActiveCfg = Debug|Windows Phone
		{628AC209-07F2-4201-A97D-E7071A7BB51A}.Debug|x86.ActiveCfg = Debug|Windows Phone
		{628AC209-07F2-4201-A97D-E7071A7BB51A}.Release|Any CPU.ActiveCfg = Release|Windows Phone
		{628AC209-07F2-4201-A97D-E7071A7BB51A}.Release|Mixed Platforms.ActiveCfg = Release|Windows Phone
		{628AC209-07F2-4201-A97D-E7071A7BB51A}.Release|Windows Phone.ActiveCfg = Release|Windows Phone
		{628AC209-07F2-4201-A97D-E7071A7BB51A}.Release|x86.ActiveCfg = Release|Windows Phone
		{56D976F2-00A3-440F-9FB3-DC8EFC88FD7A}.Debug|Any CPU.ActiveCfg = Debug|Windows Phone
		{56D976F2-00A3-440F-9FB3-DC8EFC88FD7A}.Debug|Mixed Platforms.ActiveCfg = Debug|Windows Phone
		{56D976F2-00A3-440F-9FB3-DC8EFC88FD7A}.Debug|Mixed Platforms.Build.0 = Debug|Windows Phone
		{56D976F2-00A3-440F-9FB3-DC8EFC88FD7A}.Debug|Mixed Platforms.Deploy.0 = Debug|Windows Phone
		{56D976F2-00A3-440F-9FB3-DC8EFC88FD7A}.Debug|Windows Phone.ActiveCfg = Debug|Windows Phone
		{56D976F2-00A3-440F-9FB3-DC8EFC88FD7A}.Debug|Windows Phone.Build.0 = Debug|Windows Phone
		{56D976F2-00A3-440F-9FB3-DC8EFC88FD7A}.Debug|Windows Phone.Deploy.0 = Debug|Windows Phone
		{56D976F2-00A3-440F-9FB3-DC8EFC88FD7A}.Debug|x86.ActiveCfg = Debug|Windows Phone
		{56D976F2-00A3-440F-9FB3-DC8EFC88FD7A}.Release|Any CPU.ActiveCfg = Release|Windows Phone
		{56D976F2-00A3-440F-9FB3-DC8EFC88FD7A}.Release|Mixed Platforms.ActiveCfg = Release|Windows Phone
		{56D976F2-00A3-440F-9FB3-DC8EFC88FD7A}.Release|Mixed Platforms.Build.0 = Release|Windows Phone
		{56D976F2-00A3-440F-9FB3-DC8EFC88FD7A}.Release|Mixed Platforms.Deploy.0 = Release|Windows Phone
		{56D976F2-00A3-440F-9FB3-DC8EFC88FD7A}.Release|Windows Phone.ActiveCfg = Release|Windows Phone
		{56D976F2-00A3-440F-9FB3-DC8EFC88FD7A}.Release|Windows Phone.Build.0 = Release|Windows Phone
		{56D976F2-00A3-440F-9FB3-DC8EFC88FD7A}.Release|Windows Phone.Deploy.0 = Release|Windows Phone
		{56D976F2-00A3-440F-9FB3-DC8EFC88FD7A}.Release|x86.ActiveCfg = Release|Windows Phone
		{3464E353-7F79-418C-8436-D48C579535DD}.Debug|Any CPU.ActiveCfg = Debug|Windows Phone
		{3464E353-7F79-418C-8436-D48C579535DD}.Debug|Mixed Platforms.ActiveCfg = Debug|Windows Phone
		{3464E353-7F79-418C-8436-D48C579535DD}.Debug|Windows Phone.ActiveCfg = Debug|Windows Phone
		{3464E353-7F79-418C-8436-D48C579535DD}.Debug|x86.ActiveCfg = Debug|Windows Phone
		{3464E353-7F79-418C-8436-D48C579535DD}.Release|Any CPU.ActiveCfg = Release|Windows Phone
		{3464E353-7F79-418C-8436-D48C579535DD}.Release|Mixed Platforms.ActiveCfg = Release|Windows Phone
		{3464E353-7F79-418C-8436-D48C579535DD}.Release|Windows Phone.ActiveCfg = Release|Windows Phone
		{3464E353-7F79-418C-8436-D48C579535DD}.Release|x86.ActiveCfg = Release|Windows Phone
		{9C373F1B-DBCD-4FBF-8095-525179EBE902}.Debug|Any CPU.ActiveCfg = Debug|Any CPU
		{9C373F1B-DBCD-4FBF-8095-525179EBE902}.Debug|Any CPU.Build.0 = Debug|Any CPU
		{9C373F1B-DBCD-4FBF-8095-525179EBE902}.Debug|Any CPU.Deploy.0 = Debug|Any CPU
		{9C373F1B-DBCD-4FBF-8095-525179EBE902}.Debug|Mixed Platforms.ActiveCfg = Debug|Any CPU
		{9C373F1B-DBCD-4FBF-8095-525179EBE902}.Debug|Mixed Platforms.Build.0 = Debug|Any CPU
		{9C373F1B-DBCD-4FBF-8095-525179EBE902}.Debug|Mixed Platforms.Deploy.0 = Debug|Any CPU
		{9C373F1B-DBCD-4FBF-8095-525179EBE902}.Debug|Windows Phone.ActiveCfg = Debug|Any CPU
		{9C373F1B-DBCD-4FBF-8095-525179EBE902}.Debug|x86.ActiveCfg = Debug|Any CPU
		{9C373F1B-DBCD-4FBF-8095-525179EBE902}.Release|Any CPU.ActiveCfg = Release|Any CPU
		{9C373F1B-DBCD-4FBF-8095-525179EBE902}.Release|Any CPU.Build.0 = Release|Any CPU
		{9C373F1B-DBCD-4FBF-8095-525179EBE902}.Release|Any CPU.Deploy.0 = Release|Any CPU
		{9C373F1B-DBCD-4FBF-8095-525179EBE902}.Release|Mixed Platforms.ActiveCfg = Release|Any CPU
		{9C373F1B-DBCD-4FBF-8095-525179EBE902}.Release|Mixed Platforms.Build.0 = Release|Any CPU
		{9C373F1B-DBCD-4FBF-8095-525179EBE902}.Release|Mixed Platforms.Deploy.0 = Release|Any CPU
		{9C373F1B-DBCD-4FBF-8095-525179EBE902}.Release|Windows Phone.ActiveCfg = Release|Any CPU
		{9C373F1B-DBCD-4FBF-8095-525179EBE902}.Release|x86.ActiveCfg = Release|Any CPU
		{1D25A620-3214-41D2-BD38-DF9B5141BFD9}.Debug|Any CPU.ActiveCfg = Debug|Windows Phone
		{1D25A620-3214-41D2-BD38-DF9B5141BFD9}.Debug|Mixed Platforms.ActiveCfg = Debug|Windows Phone
		{1D25A620-3214-41D2-BD38-DF9B5141BFD9}.Debug|Mixed Platforms.Build.0 = Debug|Windows Phone
		{1D25A620-3214-41D2-BD38-DF9B5141BFD9}.Debug|Windows Phone.ActiveCfg = Debug|Windows Phone
		{1D25A620-3214-41D2-BD38-DF9B5141BFD9}.Debug|Windows Phone.Build.0 = Debug|Windows Phone
		{1D25A620-3214-41D2-BD38-DF9B5141BFD9}.Debug|x86.ActiveCfg = Debug|Windows Phone
		{1D25A620-3214-41D2-BD38-DF9B5141BFD9}.Release|Any CPU.ActiveCfg = Release|Windows Phone
		{1D25A620-3214-41D2-BD38-DF9B5141BFD9}.Release|Mixed Platforms.ActiveCfg = Release|Windows Phone
		{1D25A620-3214-41D2-BD38-DF9B5141BFD9}.Release|Mixed Platforms.Build.0 = Release|Windows Phone
		{1D25A620-3214-41D2-BD38-DF9B5141BFD9}.Release|Windows Phone.ActiveCfg = Release|Windows Phone
		{1D25A620-3214-41D2-BD38-DF9B5141BFD9}.Release|Windows Phone.Build.0 = Release|Windows Phone
		{1D25A620-3214-41D2-BD38-DF9B5141BFD9}.Release|x86.ActiveCfg = Release|Windows Phone
		{1DD611F5-54EE-43ED-BE1B-25AF00005E63}.Debug|Any CPU.ActiveCfg = Debug|Windows Phone
		{1DD611F5-54EE-43ED-BE1B-25AF00005E63}.Debug|Mixed Platforms.ActiveCfg = Debug|Windows Phone
		{1DD611F5-54EE-43ED-BE1B-25AF00005E63}.Debug|Windows Phone.ActiveCfg = Debug|Windows Phone
		{1DD611F5-54EE-43ED-BE1B-25AF00005E63}.Debug|x86.ActiveCfg = Debug|Windows Phone
		{1DD611F5-54EE-43ED-BE1B-25AF00005E63}.Release|Any CPU.ActiveCfg = Release|Windows Phone
		{1DD611F5-54EE-43ED-BE1B-25AF00005E63}.Release|Mixed Platforms.ActiveCfg = Release|Windows Phone
		{1DD611F5-54EE-43ED-BE1B-25AF00005E63}.Release|Windows Phone.ActiveCfg = Release|Windows Phone
		{1DD611F5-54EE-43ED-BE1B-25AF00005E63}.Release|x86.ActiveCfg = Release|Windows Phone
	EndGlobalSection
	GlobalSection(SolutionProperties) = preSolution
		HideSolutionNode = FALSE
	EndGlobalSection
EndGlobal
